// !$*UTF8*$!
{
	archiveVersion = 1;
	classes = {
	};
	objectVersion = 56;
	objects = {

/* Begin PBXBuildFile section */
		1A591ECA80B8AED046F27862 /* Pods_VJ_MVVMTests.framework in Frameworks */ = {isa = PBXBuildFile; fileRef = 3925BF8FC580497F414B57A7 /* Pods_VJ_MVVMTests.framework */; };
		506BD35AD191D45C40F0D34A /* Pods_VJ_MVVM.framework in Frameworks */ = {isa = PBXBuildFile; fileRef = E549C559838254198FFFBD1E /* Pods_VJ_MVVM.framework */; };
		B106E95929A69D6A00A4C79D /* HomeViewModel.swift in Sources */ = {isa = PBXBuildFile; fileRef = B106E95829A69D6A00A4C79D /* HomeViewModel.swift */; };
		B106E95B29A69D7E00A4C79D /* HomeViewCoordinator.swift in Sources */ = {isa = PBXBuildFile; fileRef = B106E95A29A69D7E00A4C79D /* HomeViewCoordinator.swift */; };
		B108E97329B12C0200C33150 /* HomeResponseModel.swift in Sources */ = {isa = PBXBuildFile; fileRef = B108E97229B12C0200C33150 /* HomeResponseModel.swift */; };
		B108E97529B12C0C00C33150 /* HomeRoute.swift in Sources */ = {isa = PBXBuildFile; fileRef = B108E97429B12C0C00C33150 /* HomeRoute.swift */; };
		B111ABF929AA910E00EEAF41 /* UINib+extension.swift in Sources */ = {isa = PBXBuildFile; fileRef = B111ABF829AA910E00EEAF41 /* UINib+extension.swift */; };
		B111ABFC29AA976B00EEAF41 /* AdsCollectionViewCell.swift in Sources */ = {isa = PBXBuildFile; fileRef = B111ABFA29AA976B00EEAF41 /* AdsCollectionViewCell.swift */; };
		B111ABFD29AA976B00EEAF41 /* AdsCollectionViewCell.xib in Resources */ = {isa = PBXBuildFile; fileRef = B111ABFB29AA976B00EEAF41 /* AdsCollectionViewCell.xib */; };
		B111AC0129AA9A3C00EEAF41 /* ProjectsCollectionViewCell.swift in Sources */ = {isa = PBXBuildFile; fileRef = B111ABFF29AA9A3C00EEAF41 /* ProjectsCollectionViewCell.swift */; };
		B111AC0229AA9A3C00EEAF41 /* ProjectsCollectionViewCell.xib in Resources */ = {isa = PBXBuildFile; fileRef = B111AC0029AA9A3C00EEAF41 /* ProjectsCollectionViewCell.xib */; };
		B1239151299A2F8300E1C33B /* VJ_MVVM.xcdatamodeld in Sources */ = {isa = PBXBuildFile; fileRef = B123914F299A2F8300E1C33B /* VJ_MVVM.xcdatamodeld */; };
		B1239153299A2F8400E1C33B /* Assets.xcassets in Resources */ = {isa = PBXBuildFile; fileRef = B1239152299A2F8400E1C33B /* Assets.xcassets */; };
		B1239156299A2F8400E1C33B /* LaunchScreen.storyboard in Resources */ = {isa = PBXBuildFile; fileRef = B1239154299A2F8400E1C33B /* LaunchScreen.storyboard */; };
		B1239161299A2F8400E1C33B /* VJ_MVVMTests.swift in Sources */ = {isa = PBXBuildFile; fileRef = B1239160299A2F8400E1C33B /* VJ_MVVMTests.swift */; };
		B123916B299A2F8400E1C33B /* VJ_MVVMUITests.swift in Sources */ = {isa = PBXBuildFile; fileRef = B123916A299A2F8400E1C33B /* VJ_MVVMUITests.swift */; };
		B123916D299A2F8400E1C33B /* VJ_MVVMUITestsLaunchTests.swift in Sources */ = {isa = PBXBuildFile; fileRef = B123916C299A2F8400E1C33B /* VJ_MVVMUITestsLaunchTests.swift */; };
		B123917B299A317200E1C33B /* StringConstants.swift in Sources */ = {isa = PBXBuildFile; fileRef = B123917A299A317200E1C33B /* StringConstants.swift */; };
		B123917C299A317200E1C33B /* StringConstants.swift in Sources */ = {isa = PBXBuildFile; fileRef = B123917A299A317200E1C33B /* StringConstants.swift */; };
		B123917D299A317200E1C33B /* StringConstants.swift in Sources */ = {isa = PBXBuildFile; fileRef = B123917A299A317200E1C33B /* StringConstants.swift */; };
		B1239183299A4F4F00E1C33B /* ValidatorType.swift in Sources */ = {isa = PBXBuildFile; fileRef = B1239182299A4F4F00E1C33B /* ValidatorType.swift */; };
		B1239184299A4F4F00E1C33B /* ValidatorType.swift in Sources */ = {isa = PBXBuildFile; fileRef = B1239182299A4F4F00E1C33B /* ValidatorType.swift */; };
		B1239185299A4F4F00E1C33B /* ValidatorType.swift in Sources */ = {isa = PBXBuildFile; fileRef = B1239182299A4F4F00E1C33B /* ValidatorType.swift */; };
		B1239187299A4F9400E1C33B /* Validator.swift in Sources */ = {isa = PBXBuildFile; fileRef = B1239186299A4F9400E1C33B /* Validator.swift */; };
		B1239188299A4F9400E1C33B /* Validator.swift in Sources */ = {isa = PBXBuildFile; fileRef = B1239186299A4F9400E1C33B /* Validator.swift */; };
		B1239189299A4F9400E1C33B /* Validator.swift in Sources */ = {isa = PBXBuildFile; fileRef = B1239186299A4F9400E1C33B /* Validator.swift */; };
		B123918B299A51C200E1C33B /* ValidatorFactory.swift in Sources */ = {isa = PBXBuildFile; fileRef = B123918A299A51C200E1C33B /* ValidatorFactory.swift */; };
		B123918C299A51C200E1C33B /* ValidatorFactory.swift in Sources */ = {isa = PBXBuildFile; fileRef = B123918A299A51C200E1C33B /* ValidatorFactory.swift */; };
		B123918D299A51C200E1C33B /* ValidatorFactory.swift in Sources */ = {isa = PBXBuildFile; fileRef = B123918A299A51C200E1C33B /* ValidatorFactory.swift */; };
		B1239194299A632F00E1C33B /* PasswordValidator.swift in Sources */ = {isa = PBXBuildFile; fileRef = B123918E299A632F00E1C33B /* PasswordValidator.swift */; };
		B1239195299A632F00E1C33B /* PasswordValidator.swift in Sources */ = {isa = PBXBuildFile; fileRef = B123918E299A632F00E1C33B /* PasswordValidator.swift */; };
		B1239196299A632F00E1C33B /* PasswordValidator.swift in Sources */ = {isa = PBXBuildFile; fileRef = B123918E299A632F00E1C33B /* PasswordValidator.swift */; };
		B1239197299A632F00E1C33B /* MatchFieldValidator.swift in Sources */ = {isa = PBXBuildFile; fileRef = B123918F299A632F00E1C33B /* MatchFieldValidator.swift */; };
		B1239198299A632F00E1C33B /* MatchFieldValidator.swift in Sources */ = {isa = PBXBuildFile; fileRef = B123918F299A632F00E1C33B /* MatchFieldValidator.swift */; };
		B1239199299A632F00E1C33B /* MatchFieldValidator.swift in Sources */ = {isa = PBXBuildFile; fileRef = B123918F299A632F00E1C33B /* MatchFieldValidator.swift */; };
		B123919A299A632F00E1C33B /* RequiredFieldValidator.swift in Sources */ = {isa = PBXBuildFile; fileRef = B1239190299A632F00E1C33B /* RequiredFieldValidator.swift */; };
		B123919B299A632F00E1C33B /* RequiredFieldValidator.swift in Sources */ = {isa = PBXBuildFile; fileRef = B1239190299A632F00E1C33B /* RequiredFieldValidator.swift */; };
		B123919C299A632F00E1C33B /* RequiredFieldValidator.swift in Sources */ = {isa = PBXBuildFile; fileRef = B1239190299A632F00E1C33B /* RequiredFieldValidator.swift */; };
		B123919D299A632F00E1C33B /* MobileNumberValidator.swift in Sources */ = {isa = PBXBuildFile; fileRef = B1239191299A632F00E1C33B /* MobileNumberValidator.swift */; };
		B123919E299A632F00E1C33B /* MobileNumberValidator.swift in Sources */ = {isa = PBXBuildFile; fileRef = B1239191299A632F00E1C33B /* MobileNumberValidator.swift */; };
		B123919F299A632F00E1C33B /* MobileNumberValidator.swift in Sources */ = {isa = PBXBuildFile; fileRef = B1239191299A632F00E1C33B /* MobileNumberValidator.swift */; };
		B12391A0299A632F00E1C33B /* EmailValidator.swift in Sources */ = {isa = PBXBuildFile; fileRef = B1239192299A632F00E1C33B /* EmailValidator.swift */; };
		B12391A1299A632F00E1C33B /* EmailValidator.swift in Sources */ = {isa = PBXBuildFile; fileRef = B1239192299A632F00E1C33B /* EmailValidator.swift */; };
		B12391A2299A632F00E1C33B /* EmailValidator.swift in Sources */ = {isa = PBXBuildFile; fileRef = B1239192299A632F00E1C33B /* EmailValidator.swift */; };
		B12391A3299A632F00E1C33B /* UsernameValidator.swift in Sources */ = {isa = PBXBuildFile; fileRef = B1239193299A632F00E1C33B /* UsernameValidator.swift */; };
		B12391A4299A632F00E1C33B /* UsernameValidator.swift in Sources */ = {isa = PBXBuildFile; fileRef = B1239193299A632F00E1C33B /* UsernameValidator.swift */; };
		B12391A5299A632F00E1C33B /* UsernameValidator.swift in Sources */ = {isa = PBXBuildFile; fileRef = B1239193299A632F00E1C33B /* UsernameValidator.swift */; };
		B12391A7299A63F300E1C33B /* ValidationError.swift in Sources */ = {isa = PBXBuildFile; fileRef = B12391A6299A63F300E1C33B /* ValidationError.swift */; };
		B12391A8299A63F300E1C33B /* ValidationError.swift in Sources */ = {isa = PBXBuildFile; fileRef = B12391A6299A63F300E1C33B /* ValidationError.swift */; };
		B12391A9299A63F300E1C33B /* ValidationError.swift in Sources */ = {isa = PBXBuildFile; fileRef = B12391A6299A63F300E1C33B /* ValidationError.swift */; };
		B12391B5299A666500E1C33B /* SceneDelegate.swift in Sources */ = {isa = PBXBuildFile; fileRef = B12391B3299A666500E1C33B /* SceneDelegate.swift */; };
		B12391B6299A666500E1C33B /* SceneDelegate.swift in Sources */ = {isa = PBXBuildFile; fileRef = B12391B3299A666500E1C33B /* SceneDelegate.swift */; };
		B12391B7299A666500E1C33B /* SceneDelegate.swift in Sources */ = {isa = PBXBuildFile; fileRef = B12391B3299A666500E1C33B /* SceneDelegate.swift */; };
		B12391B8299A666500E1C33B /* AppDelegate.swift in Sources */ = {isa = PBXBuildFile; fileRef = B12391B4299A666500E1C33B /* AppDelegate.swift */; };
		B12391B9299A666500E1C33B /* AppDelegate.swift in Sources */ = {isa = PBXBuildFile; fileRef = B12391B4299A666500E1C33B /* AppDelegate.swift */; };
		B12391BA299A666500E1C33B /* AppDelegate.swift in Sources */ = {isa = PBXBuildFile; fileRef = B12391B4299A666500E1C33B /* AppDelegate.swift */; };
		B12391BF299AC45200E1C33B /* ViewModelProtocols.swift in Sources */ = {isa = PBXBuildFile; fileRef = B12391BE299AC45200E1C33B /* ViewModelProtocols.swift */; };
		B12391C2299AC4D100E1C33B /* String.swift in Sources */ = {isa = PBXBuildFile; fileRef = B12391C1299AC4D100E1C33B /* String.swift */; };
		B12391C6299B9C9300E1C33B /* ViewController.swift in Sources */ = {isa = PBXBuildFile; fileRef = B12391C5299B9C9300E1C33B /* ViewController.swift */; };
		B12391CC299CB96F00E1C33B /* AppCoordinator.swift in Sources */ = {isa = PBXBuildFile; fileRef = B12391CB299CB96F00E1C33B /* AppCoordinator.swift */; };
		B12391CF299CD04B00E1C33B /* PrimaryButton.swift in Sources */ = {isa = PBXBuildFile; fileRef = B12391CE299CD04B00E1C33B /* PrimaryButton.swift */; };
		B12391D3299CD3E100E1C33B /* SplashViewModel.swift in Sources */ = {isa = PBXBuildFile; fileRef = B12391D2299CD3E100E1C33B /* SplashViewModel.swift */; };
		B12391D5299CD3F900E1C33B /* SplashCoordinator.swift in Sources */ = {isa = PBXBuildFile; fileRef = B12391D4299CD3F900E1C33B /* SplashCoordinator.swift */; };
		B12391D8299CEABB00E1C33B /* SplashViewController.swift in Sources */ = {isa = PBXBuildFile; fileRef = B12391D6299CEABB00E1C33B /* SplashViewController.swift */; };
		B12391D9299CEABB00E1C33B /* SplashViewController.xib in Resources */ = {isa = PBXBuildFile; fileRef = B12391D7299CEABB00E1C33B /* SplashViewController.xib */; };
		B12391DD299CF13800E1C33B /* CreateAccountViewController.swift in Sources */ = {isa = PBXBuildFile; fileRef = B12391DB299CF13800E1C33B /* CreateAccountViewController.swift */; };
		B12391DE299CF13800E1C33B /* CreateAccountViewController.xib in Resources */ = {isa = PBXBuildFile; fileRef = B12391DC299CF13800E1C33B /* CreateAccountViewController.xib */; };
		B12391E0299CFC2000E1C33B /* CreateAccountViewModel.swift in Sources */ = {isa = PBXBuildFile; fileRef = B12391DF299CFC2000E1C33B /* CreateAccountViewModel.swift */; };
		B12391E2299CFC3300E1C33B /* CreateAccountCoordinator.swift in Sources */ = {isa = PBXBuildFile; fileRef = B12391E1299CFC3300E1C33B /* CreateAccountCoordinator.swift */; };
		B16BF19D29A684F4008EA5AA /* RKDesginable.swift in Sources */ = {isa = PBXBuildFile; fileRef = B16BF19C29A684F4008EA5AA /* RKDesginable.swift */; };
		B16BF1A029A691FE008EA5AA /* Optional+Extension.swift in Sources */ = {isa = PBXBuildFile; fileRef = B16BF19F29A691FE008EA5AA /* Optional+Extension.swift */; };
		B16BF1A729A6971F008EA5AA /* HomeViewController.swift in Sources */ = {isa = PBXBuildFile; fileRef = B16BF1A529A6971F008EA5AA /* HomeViewController.swift */; };
		B16BF1A829A6971F008EA5AA /* HomeViewController.xib in Resources */ = {isa = PBXBuildFile; fileRef = B16BF1A629A6971F008EA5AA /* HomeViewController.xib */; };
		B16BF1AB29A6998C008EA5AA /* CategoryCollectionViewCell.swift in Sources */ = {isa = PBXBuildFile; fileRef = B16BF1A929A6998C008EA5AA /* CategoryCollectionViewCell.swift */; };
		B16BF1AC29A6998C008EA5AA /* CategoryCollectionViewCell.xib in Resources */ = {isa = PBXBuildFile; fileRef = B16BF1AA29A6998C008EA5AA /* CategoryCollectionViewCell.xib */; };
		B1917EB629A53C5E0097AD3C /* LoginViewController.swift in Sources */ = {isa = PBXBuildFile; fileRef = B1917EB429A53C5E0097AD3C /* LoginViewController.swift */; };
		B1917EB729A53C5E0097AD3C /* LoginViewController.xib in Resources */ = {isa = PBXBuildFile; fileRef = B1917EB529A53C5E0097AD3C /* LoginViewController.xib */; };
		B1917EB929A53C850097AD3C /* LoginViewModel.swift in Sources */ = {isa = PBXBuildFile; fileRef = B1917EB829A53C850097AD3C /* LoginViewModel.swift */; };
		B1917EBB29A53C950097AD3C /* LoginCoordinator.swift in Sources */ = {isa = PBXBuildFile; fileRef = B1917EBA29A53C950097AD3C /* LoginCoordinator.swift */; };
		B1CC377429AAADAF00A5DDB2 /* UIColor.swift in Sources */ = {isa = PBXBuildFile; fileRef = B1CC377329AAADAF00A5DDB2 /* UIColor.swift */; };
		B1CC377729AAB60300A5DDB2 /* WalletView.swift in Sources */ = {isa = PBXBuildFile; fileRef = B1CC377629AAB60300A5DDB2 /* WalletView.swift */; };
		B1CC377929AAB63E00A5DDB2 /* WalletView.xib in Resources */ = {isa = PBXBuildFile; fileRef = B1CC377829AAB63E00A5DDB2 /* WalletView.xib */; };
		B1CC377B29AAB83C00A5DDB2 /* UINib+SingleViewLoad.swift in Sources */ = {isa = PBXBuildFile; fileRef = B1CC377A29AAB83C00A5DDB2 /* UINib+SingleViewLoad.swift */; };
		B1CC378129ABC46C00A5DDB2 /* MyProjectsViewController.swift in Sources */ = {isa = PBXBuildFile; fileRef = B1CC377F29ABC46C00A5DDB2 /* MyProjectsViewController.swift */; };
		B1CC378229ABC46C00A5DDB2 /* MyProjectsViewController.xib in Resources */ = {isa = PBXBuildFile; fileRef = B1CC378029ABC46C00A5DDB2 /* MyProjectsViewController.xib */; };
		B1CC378429ABC49700A5DDB2 /* MyProjectViewModel.swift in Sources */ = {isa = PBXBuildFile; fileRef = B1CC378329ABC49700A5DDB2 /* MyProjectViewModel.swift */; };
		B1CC378629ABC4A600A5DDB2 /* MyProjectCoordinator.swift in Sources */ = {isa = PBXBuildFile; fileRef = B1CC378529ABC4A600A5DDB2 /* MyProjectCoordinator.swift */; };
		B1CC378929ABDC9A00A5DDB2 /* MyProjectCollectionViewCell.swift in Sources */ = {isa = PBXBuildFile; fileRef = B1CC378729ABDC9A00A5DDB2 /* MyProjectCollectionViewCell.swift */; };
		B1CC378A29ABDC9A00A5DDB2 /* MyProjectCollectionViewCell.xib in Resources */ = {isa = PBXBuildFile; fileRef = B1CC378829ABDC9A00A5DDB2 /* MyProjectCollectionViewCell.xib */; };
		B1CC379329ABE6D400A5DDB2 /* DPDConstants.swift in Sources */ = {isa = PBXBuildFile; fileRef = B1CC379029ABE6D400A5DDB2 /* DPDConstants.swift */; };
		B1CC379429ABE6D400A5DDB2 /* DPDUIView+Extension.swift in Sources */ = {isa = PBXBuildFile; fileRef = B1CC379129ABE6D400A5DDB2 /* DPDUIView+Extension.swift */; };
		B1CC379529ABE6D500A5DDB2 /* DPDKeyboardListener.swift in Sources */ = {isa = PBXBuildFile; fileRef = B1CC379229ABE6D400A5DDB2 /* DPDKeyboardListener.swift */; };
		B1CC379929ABE6DC00A5DDB2 /* DropDownCell.swift in Sources */ = {isa = PBXBuildFile; fileRef = B1CC379629ABE6DC00A5DDB2 /* DropDownCell.swift */; };
		B1CC379B29ABE6DC00A5DDB2 /* DropDown+Appearance.swift in Sources */ = {isa = PBXBuildFile; fileRef = B1CC379829ABE6DC00A5DDB2 /* DropDown+Appearance.swift */; };
		B1CC379D29ABE6E700A5DDB2 /* DropDownCell.xib in Resources */ = {isa = PBXBuildFile; fileRef = B1CC379C29ABE6E700A5DDB2 /* DropDownCell.xib */; };
		B1CC379F29ABE74700A5DDB2 /* DropDown.swift in Sources */ = {isa = PBXBuildFile; fileRef = B1CC379E29ABE74700A5DDB2 /* DropDown.swift */; };
		B1CC37A229AD1B9000A5DDB2 /* NetworkRouter.swift in Sources */ = {isa = PBXBuildFile; fileRef = B1CC37A129AD1B9000A5DDB2 /* NetworkRouter.swift */; };
		B1CC37A429AD1BE700A5DDB2 /* HTTPMethod.swift in Sources */ = {isa = PBXBuildFile; fileRef = B1CC37A329AD1BE700A5DDB2 /* HTTPMethod.swift */; };
		B1CC37A629AD1C8600A5DDB2 /* EndPoints.swift in Sources */ = {isa = PBXBuildFile; fileRef = B1CC37A529AD1C8600A5DDB2 /* EndPoints.swift */; };
		B1CC37A829AD1CBC00A5DDB2 /* HTTPTask.swift in Sources */ = {isa = PBXBuildFile; fileRef = B1CC37A729AD1CBC00A5DDB2 /* HTTPTask.swift */; };
		B1CC37AA29AD1D1300A5DDB2 /* JSONParameterEncoder.swift in Sources */ = {isa = PBXBuildFile; fileRef = B1CC37A929AD1D1300A5DDB2 /* JSONParameterEncoder.swift */; };
		B1CC37AC29AD1D3D00A5DDB2 /* NetworkError.swift in Sources */ = {isa = PBXBuildFile; fileRef = B1CC37AB29AD1D3D00A5DDB2 /* NetworkError.swift */; };
		B1CC37AE29AD1D8B00A5DDB2 /* NetworkLogger.swift in Sources */ = {isa = PBXBuildFile; fileRef = B1CC37AD29AD1D8B00A5DDB2 /* NetworkLogger.swift */; };
		B1CC37B029AD1DAC00A5DDB2 /* ParameterEncoding.swift in Sources */ = {isa = PBXBuildFile; fileRef = B1CC37AF29AD1DAC00A5DDB2 /* ParameterEncoding.swift */; };
		B1CC37B229AD1DBC00A5DDB2 /* URLParameterEncoder.swift in Sources */ = {isa = PBXBuildFile; fileRef = B1CC37B129AD1DBC00A5DDB2 /* URLParameterEncoder.swift */; };
		B1CC37B629AD256000A5DDB2 /* LoginRequestModel.swift in Sources */ = {isa = PBXBuildFile; fileRef = B1CC37B529AD256000A5DDB2 /* LoginRequestModel.swift */; };
		B1CC37B829AD257000A5DDB2 /* LoginResponseModel.swift in Sources */ = {isa = PBXBuildFile; fileRef = B1CC37B729AD257000A5DDB2 /* LoginResponseModel.swift */; };
		B1CC37BA29AD26DE00A5DDB2 /* LoginRoute.swift in Sources */ = {isa = PBXBuildFile; fileRef = B1CC37B929AD26DE00A5DDB2 /* LoginRoute.swift */; };
		B1CC37BC29AE85BD00A5DDB2 /* CreateAccountRequestModel.swift in Sources */ = {isa = PBXBuildFile; fileRef = B1CC37BB29AE85BD00A5DDB2 /* CreateAccountRequestModel.swift */; };
		B1CC37BE29AE863300A5DDB2 /* CreateAccountResponseModel.swift in Sources */ = {isa = PBXBuildFile; fileRef = B1CC37BD29AE863300A5DDB2 /* CreateAccountResponseModel.swift */; };
		B1CC37C029AE867400A5DDB2 /* CreateAccountRoute.swift in Sources */ = {isa = PBXBuildFile; fileRef = B1CC37BF29AE867400A5DDB2 /* CreateAccountRoute.swift */; };
		B1CC37C429AFC46B00A5DDB2 /* SkuViewController.swift in Sources */ = {isa = PBXBuildFile; fileRef = B1CC37C229AFC46B00A5DDB2 /* SkuViewController.swift */; };
		B1CC37C529AFC46B00A5DDB2 /* SkuViewController.xib in Resources */ = {isa = PBXBuildFile; fileRef = B1CC37C329AFC46B00A5DDB2 /* SkuViewController.xib */; };
		B1CC37C729AFC48200A5DDB2 /* SkuViewModel.swift in Sources */ = {isa = PBXBuildFile; fileRef = B1CC37C629AFC48200A5DDB2 /* SkuViewModel.swift */; };
		B1CC37C929AFC4AA00A5DDB2 /* SkuCoordinator.swift in Sources */ = {isa = PBXBuildFile; fileRef = B1CC37C829AFC4AA00A5DDB2 /* SkuCoordinator.swift */; };
		BE9151848DD3BC43C11F07CB /* Pods_VJ_MVVM_VJ_MVVMUITests.framework in Frameworks */ = {isa = PBXBuildFile; fileRef = 1AD029A3B5371C79D7F62686 /* Pods_VJ_MVVM_VJ_MVVMUITests.framework */; };
/* End PBXBuildFile section */

/* Begin PBXContainerItemProxy section */
		B123915D299A2F8400E1C33B /* PBXContainerItemProxy */ = {
			isa = PBXContainerItemProxy;
			containerPortal = B123913B299A2F8200E1C33B /* Project object */;
			proxyType = 1;
			remoteGlobalIDString = B1239142299A2F8300E1C33B;
			remoteInfo = VJ_MVVM;
		};
		B1239167299A2F8400E1C33B /* PBXContainerItemProxy */ = {
			isa = PBXContainerItemProxy;
			containerPortal = B123913B299A2F8200E1C33B /* Project object */;
			proxyType = 1;
			remoteGlobalIDString = B1239142299A2F8300E1C33B;
			remoteInfo = VJ_MVVM;
		};
/* End PBXContainerItemProxy section */

/* Begin PBXFileReference section */
		10CB13B268A55E8DA95CAC04 /* Pods-VJ_MVVM-VJ_MVVMUITests.debug.xcconfig */ = {isa = PBXFileReference; includeInIndex = 1; lastKnownFileType = text.xcconfig; name = "Pods-VJ_MVVM-VJ_MVVMUITests.debug.xcconfig"; path = "Target Support Files/Pods-VJ_MVVM-VJ_MVVMUITests/Pods-VJ_MVVM-VJ_MVVMUITests.debug.xcconfig"; sourceTree = "<group>"; };
		166184606CF2DAB572782B89 /* Pods-VJ_MVVM-VJ_MVVMUITests.release.xcconfig */ = {isa = PBXFileReference; includeInIndex = 1; lastKnownFileType = text.xcconfig; name = "Pods-VJ_MVVM-VJ_MVVMUITests.release.xcconfig"; path = "Target Support Files/Pods-VJ_MVVM-VJ_MVVMUITests/Pods-VJ_MVVM-VJ_MVVMUITests.release.xcconfig"; sourceTree = "<group>"; };
		1AD029A3B5371C79D7F62686 /* Pods_VJ_MVVM_VJ_MVVMUITests.framework */ = {isa = PBXFileReference; explicitFileType = wrapper.framework; includeInIndex = 0; path = Pods_VJ_MVVM_VJ_MVVMUITests.framework; sourceTree = BUILT_PRODUCTS_DIR; };
		31D0C71510A757DB2B78A5EC /* Pods-VJ_MVVMTests.release.xcconfig */ = {isa = PBXFileReference; includeInIndex = 1; lastKnownFileType = text.xcconfig; name = "Pods-VJ_MVVMTests.release.xcconfig"; path = "Target Support Files/Pods-VJ_MVVMTests/Pods-VJ_MVVMTests.release.xcconfig"; sourceTree = "<group>"; };
		3925BF8FC580497F414B57A7 /* Pods_VJ_MVVMTests.framework */ = {isa = PBXFileReference; explicitFileType = wrapper.framework; includeInIndex = 0; path = Pods_VJ_MVVMTests.framework; sourceTree = BUILT_PRODUCTS_DIR; };
		80B94BC751ACA6BEEFB5C2A1 /* Pods-VJ_MVVMTests.debug.xcconfig */ = {isa = PBXFileReference; includeInIndex = 1; lastKnownFileType = text.xcconfig; name = "Pods-VJ_MVVMTests.debug.xcconfig"; path = "Target Support Files/Pods-VJ_MVVMTests/Pods-VJ_MVVMTests.debug.xcconfig"; sourceTree = "<group>"; };
		B106E95829A69D6A00A4C79D /* HomeViewModel.swift */ = {isa = PBXFileReference; lastKnownFileType = sourcecode.swift; path = HomeViewModel.swift; sourceTree = "<group>"; };
		B106E95A29A69D7E00A4C79D /* HomeViewCoordinator.swift */ = {isa = PBXFileReference; lastKnownFileType = sourcecode.swift; path = HomeViewCoordinator.swift; sourceTree = "<group>"; };
		B108E97229B12C0200C33150 /* HomeResponseModel.swift */ = {isa = PBXFileReference; lastKnownFileType = sourcecode.swift; path = HomeResponseModel.swift; sourceTree = "<group>"; };
		B108E97429B12C0C00C33150 /* HomeRoute.swift */ = {isa = PBXFileReference; lastKnownFileType = sourcecode.swift; path = HomeRoute.swift; sourceTree = "<group>"; };
		B111ABF829AA910E00EEAF41 /* UINib+extension.swift */ = {isa = PBXFileReference; lastKnownFileType = sourcecode.swift; path = "UINib+extension.swift"; sourceTree = "<group>"; };
		B111ABFA29AA976B00EEAF41 /* AdsCollectionViewCell.swift */ = {isa = PBXFileReference; lastKnownFileType = sourcecode.swift; path = AdsCollectionViewCell.swift; sourceTree = "<group>"; };
		B111ABFB29AA976B00EEAF41 /* AdsCollectionViewCell.xib */ = {isa = PBXFileReference; lastKnownFileType = file.xib; path = AdsCollectionViewCell.xib; sourceTree = "<group>"; };
		B111ABFF29AA9A3C00EEAF41 /* ProjectsCollectionViewCell.swift */ = {isa = PBXFileReference; lastKnownFileType = sourcecode.swift; path = ProjectsCollectionViewCell.swift; sourceTree = "<group>"; };
		B111AC0029AA9A3C00EEAF41 /* ProjectsCollectionViewCell.xib */ = {isa = PBXFileReference; lastKnownFileType = file.xib; path = ProjectsCollectionViewCell.xib; sourceTree = "<group>"; };
		B1239143299A2F8300E1C33B /* VJ_MVVM.app */ = {isa = PBXFileReference; explicitFileType = wrapper.application; includeInIndex = 0; path = VJ_MVVM.app; sourceTree = BUILT_PRODUCTS_DIR; };
		B1239150299A2F8300E1C33B /* VJ_MVVM.xcdatamodel */ = {isa = PBXFileReference; lastKnownFileType = wrapper.xcdatamodel; path = VJ_MVVM.xcdatamodel; sourceTree = "<group>"; };
		B1239152299A2F8400E1C33B /* Assets.xcassets */ = {isa = PBXFileReference; lastKnownFileType = folder.assetcatalog; path = Assets.xcassets; sourceTree = "<group>"; };
		B1239155299A2F8400E1C33B /* Base */ = {isa = PBXFileReference; lastKnownFileType = file.storyboard; name = Base; path = Base.lproj/LaunchScreen.storyboard; sourceTree = "<group>"; };
		B1239157299A2F8400E1C33B /* Info.plist */ = {isa = PBXFileReference; lastKnownFileType = text.plist.xml; path = Info.plist; sourceTree = "<group>"; };
		B123915C299A2F8400E1C33B /* VJ_MVVMTests.xctest */ = {isa = PBXFileReference; explicitFileType = wrapper.cfbundle; includeInIndex = 0; path = VJ_MVVMTests.xctest; sourceTree = BUILT_PRODUCTS_DIR; };
		B1239160299A2F8400E1C33B /* VJ_MVVMTests.swift */ = {isa = PBXFileReference; lastKnownFileType = sourcecode.swift; path = VJ_MVVMTests.swift; sourceTree = "<group>"; };
		B1239166299A2F8400E1C33B /* VJ_MVVMUITests.xctest */ = {isa = PBXFileReference; explicitFileType = wrapper.cfbundle; includeInIndex = 0; path = VJ_MVVMUITests.xctest; sourceTree = BUILT_PRODUCTS_DIR; };
		B123916A299A2F8400E1C33B /* VJ_MVVMUITests.swift */ = {isa = PBXFileReference; lastKnownFileType = sourcecode.swift; path = VJ_MVVMUITests.swift; sourceTree = "<group>"; };
		B123916C299A2F8400E1C33B /* VJ_MVVMUITestsLaunchTests.swift */ = {isa = PBXFileReference; lastKnownFileType = sourcecode.swift; path = VJ_MVVMUITestsLaunchTests.swift; sourceTree = "<group>"; };
		B123917A299A317200E1C33B /* StringConstants.swift */ = {isa = PBXFileReference; lastKnownFileType = sourcecode.swift; path = StringConstants.swift; sourceTree = "<group>"; };
		B1239182299A4F4F00E1C33B /* ValidatorType.swift */ = {isa = PBXFileReference; lastKnownFileType = sourcecode.swift; path = ValidatorType.swift; sourceTree = "<group>"; };
		B1239186299A4F9400E1C33B /* Validator.swift */ = {isa = PBXFileReference; lastKnownFileType = sourcecode.swift; path = Validator.swift; sourceTree = "<group>"; };
		B123918A299A51C200E1C33B /* ValidatorFactory.swift */ = {isa = PBXFileReference; lastKnownFileType = sourcecode.swift; path = ValidatorFactory.swift; sourceTree = "<group>"; };
		B123918E299A632F00E1C33B /* PasswordValidator.swift */ = {isa = PBXFileReference; fileEncoding = 4; lastKnownFileType = sourcecode.swift; path = PasswordValidator.swift; sourceTree = "<group>"; };
		B123918F299A632F00E1C33B /* MatchFieldValidator.swift */ = {isa = PBXFileReference; fileEncoding = 4; lastKnownFileType = sourcecode.swift; path = MatchFieldValidator.swift; sourceTree = "<group>"; };
		B1239190299A632F00E1C33B /* RequiredFieldValidator.swift */ = {isa = PBXFileReference; fileEncoding = 4; lastKnownFileType = sourcecode.swift; path = RequiredFieldValidator.swift; sourceTree = "<group>"; };
		B1239191299A632F00E1C33B /* MobileNumberValidator.swift */ = {isa = PBXFileReference; fileEncoding = 4; lastKnownFileType = sourcecode.swift; path = MobileNumberValidator.swift; sourceTree = "<group>"; };
		B1239192299A632F00E1C33B /* EmailValidator.swift */ = {isa = PBXFileReference; fileEncoding = 4; lastKnownFileType = sourcecode.swift; path = EmailValidator.swift; sourceTree = "<group>"; };
		B1239193299A632F00E1C33B /* UsernameValidator.swift */ = {isa = PBXFileReference; fileEncoding = 4; lastKnownFileType = sourcecode.swift; path = UsernameValidator.swift; sourceTree = "<group>"; };
		B12391A6299A63F300E1C33B /* ValidationError.swift */ = {isa = PBXFileReference; fileEncoding = 4; lastKnownFileType = sourcecode.swift; path = ValidationError.swift; sourceTree = "<group>"; };
		B12391B3299A666500E1C33B /* SceneDelegate.swift */ = {isa = PBXFileReference; fileEncoding = 4; lastKnownFileType = sourcecode.swift; path = SceneDelegate.swift; sourceTree = "<group>"; };
		B12391B4299A666500E1C33B /* AppDelegate.swift */ = {isa = PBXFileReference; fileEncoding = 4; lastKnownFileType = sourcecode.swift; path = AppDelegate.swift; sourceTree = "<group>"; };
		B12391BE299AC45200E1C33B /* ViewModelProtocols.swift */ = {isa = PBXFileReference; fileEncoding = 4; lastKnownFileType = sourcecode.swift; path = ViewModelProtocols.swift; sourceTree = "<group>"; };
		B12391C1299AC4D100E1C33B /* String.swift */ = {isa = PBXFileReference; fileEncoding = 4; lastKnownFileType = sourcecode.swift; path = String.swift; sourceTree = "<group>"; };
		B12391C5299B9C9300E1C33B /* ViewController.swift */ = {isa = PBXFileReference; fileEncoding = 4; lastKnownFileType = sourcecode.swift; path = ViewController.swift; sourceTree = "<group>"; };
		B12391CB299CB96F00E1C33B /* AppCoordinator.swift */ = {isa = PBXFileReference; fileEncoding = 4; lastKnownFileType = sourcecode.swift; path = AppCoordinator.swift; sourceTree = "<group>"; };
		B12391CE299CD04B00E1C33B /* PrimaryButton.swift */ = {isa = PBXFileReference; fileEncoding = 4; lastKnownFileType = sourcecode.swift; path = PrimaryButton.swift; sourceTree = "<group>"; };
		B12391D2299CD3E100E1C33B /* SplashViewModel.swift */ = {isa = PBXFileReference; lastKnownFileType = sourcecode.swift; path = SplashViewModel.swift; sourceTree = "<group>"; };
		B12391D4299CD3F900E1C33B /* SplashCoordinator.swift */ = {isa = PBXFileReference; lastKnownFileType = sourcecode.swift; path = SplashCoordinator.swift; sourceTree = "<group>"; };
		B12391D6299CEABB00E1C33B /* SplashViewController.swift */ = {isa = PBXFileReference; lastKnownFileType = sourcecode.swift; path = SplashViewController.swift; sourceTree = "<group>"; };
		B12391D7299CEABB00E1C33B /* SplashViewController.xib */ = {isa = PBXFileReference; lastKnownFileType = file.xib; path = SplashViewController.xib; sourceTree = "<group>"; };
		B12391DB299CF13800E1C33B /* CreateAccountViewController.swift */ = {isa = PBXFileReference; lastKnownFileType = sourcecode.swift; path = CreateAccountViewController.swift; sourceTree = "<group>"; };
		B12391DC299CF13800E1C33B /* CreateAccountViewController.xib */ = {isa = PBXFileReference; lastKnownFileType = file.xib; path = CreateAccountViewController.xib; sourceTree = "<group>"; };
		B12391DF299CFC2000E1C33B /* CreateAccountViewModel.swift */ = {isa = PBXFileReference; lastKnownFileType = sourcecode.swift; path = CreateAccountViewModel.swift; sourceTree = "<group>"; };
		B12391E1299CFC3300E1C33B /* CreateAccountCoordinator.swift */ = {isa = PBXFileReference; lastKnownFileType = sourcecode.swift; path = CreateAccountCoordinator.swift; sourceTree = "<group>"; };
		B16BF19C29A684F4008EA5AA /* RKDesginable.swift */ = {isa = PBXFileReference; fileEncoding = 4; lastKnownFileType = sourcecode.swift; path = RKDesginable.swift; sourceTree = "<group>"; };
		B16BF19F29A691FE008EA5AA /* Optional+Extension.swift */ = {isa = PBXFileReference; lastKnownFileType = sourcecode.swift; path = "Optional+Extension.swift"; sourceTree = "<group>"; };
		B16BF1A529A6971F008EA5AA /* HomeViewController.swift */ = {isa = PBXFileReference; lastKnownFileType = sourcecode.swift; path = HomeViewController.swift; sourceTree = "<group>"; };
		B16BF1A629A6971F008EA5AA /* HomeViewController.xib */ = {isa = PBXFileReference; lastKnownFileType = file.xib; path = HomeViewController.xib; sourceTree = "<group>"; };
		B16BF1A929A6998C008EA5AA /* CategoryCollectionViewCell.swift */ = {isa = PBXFileReference; lastKnownFileType = sourcecode.swift; path = CategoryCollectionViewCell.swift; sourceTree = "<group>"; };
		B16BF1AA29A6998C008EA5AA /* CategoryCollectionViewCell.xib */ = {isa = PBXFileReference; lastKnownFileType = file.xib; path = CategoryCollectionViewCell.xib; sourceTree = "<group>"; };
		B1917EB429A53C5E0097AD3C /* LoginViewController.swift */ = {isa = PBXFileReference; lastKnownFileType = sourcecode.swift; path = LoginViewController.swift; sourceTree = "<group>"; };
		B1917EB529A53C5E0097AD3C /* LoginViewController.xib */ = {isa = PBXFileReference; lastKnownFileType = file.xib; path = LoginViewController.xib; sourceTree = "<group>"; };
		B1917EB829A53C850097AD3C /* LoginViewModel.swift */ = {isa = PBXFileReference; lastKnownFileType = sourcecode.swift; path = LoginViewModel.swift; sourceTree = "<group>"; };
		B1917EBA29A53C950097AD3C /* LoginCoordinator.swift */ = {isa = PBXFileReference; lastKnownFileType = sourcecode.swift; path = LoginCoordinator.swift; sourceTree = "<group>"; };
		B1CC377329AAADAF00A5DDB2 /* UIColor.swift */ = {isa = PBXFileReference; lastKnownFileType = sourcecode.swift; path = UIColor.swift; sourceTree = "<group>"; };
		B1CC377629AAB60300A5DDB2 /* WalletView.swift */ = {isa = PBXFileReference; lastKnownFileType = sourcecode.swift; path = WalletView.swift; sourceTree = "<group>"; };
		B1CC377829AAB63E00A5DDB2 /* WalletView.xib */ = {isa = PBXFileReference; lastKnownFileType = file.xib; path = WalletView.xib; sourceTree = "<group>"; };
		B1CC377A29AAB83C00A5DDB2 /* UINib+SingleViewLoad.swift */ = {isa = PBXFileReference; lastKnownFileType = sourcecode.swift; path = "UINib+SingleViewLoad.swift"; sourceTree = "<group>"; };
		B1CC377F29ABC46C00A5DDB2 /* MyProjectsViewController.swift */ = {isa = PBXFileReference; lastKnownFileType = sourcecode.swift; path = MyProjectsViewController.swift; sourceTree = "<group>"; };
		B1CC378029ABC46C00A5DDB2 /* MyProjectsViewController.xib */ = {isa = PBXFileReference; lastKnownFileType = file.xib; path = MyProjectsViewController.xib; sourceTree = "<group>"; };
		B1CC378329ABC49700A5DDB2 /* MyProjectViewModel.swift */ = {isa = PBXFileReference; lastKnownFileType = sourcecode.swift; path = MyProjectViewModel.swift; sourceTree = "<group>"; };
		B1CC378529ABC4A600A5DDB2 /* MyProjectCoordinator.swift */ = {isa = PBXFileReference; lastKnownFileType = sourcecode.swift; path = MyProjectCoordinator.swift; sourceTree = "<group>"; };
		B1CC378729ABDC9A00A5DDB2 /* MyProjectCollectionViewCell.swift */ = {isa = PBXFileReference; lastKnownFileType = sourcecode.swift; path = MyProjectCollectionViewCell.swift; sourceTree = "<group>"; };
		B1CC378829ABDC9A00A5DDB2 /* MyProjectCollectionViewCell.xib */ = {isa = PBXFileReference; lastKnownFileType = file.xib; path = MyProjectCollectionViewCell.xib; sourceTree = "<group>"; };
		B1CC378C29ABE6AC00A5DDB2 /* DropDown.h */ = {isa = PBXFileReference; fileEncoding = 4; lastKnownFileType = sourcecode.c.h; path = DropDown.h; sourceTree = "<group>"; };
		B1CC379029ABE6D400A5DDB2 /* DPDConstants.swift */ = {isa = PBXFileReference; fileEncoding = 4; lastKnownFileType = sourcecode.swift; path = DPDConstants.swift; sourceTree = "<group>"; };
		B1CC379129ABE6D400A5DDB2 /* DPDUIView+Extension.swift */ = {isa = PBXFileReference; fileEncoding = 4; lastKnownFileType = sourcecode.swift; path = "DPDUIView+Extension.swift"; sourceTree = "<group>"; };
		B1CC379229ABE6D400A5DDB2 /* DPDKeyboardListener.swift */ = {isa = PBXFileReference; fileEncoding = 4; lastKnownFileType = sourcecode.swift; path = DPDKeyboardListener.swift; sourceTree = "<group>"; };
		B1CC379629ABE6DC00A5DDB2 /* DropDownCell.swift */ = {isa = PBXFileReference; fileEncoding = 4; lastKnownFileType = sourcecode.swift; path = DropDownCell.swift; sourceTree = "<group>"; };
		B1CC379829ABE6DC00A5DDB2 /* DropDown+Appearance.swift */ = {isa = PBXFileReference; fileEncoding = 4; lastKnownFileType = sourcecode.swift; path = "DropDown+Appearance.swift"; sourceTree = "<group>"; };
		B1CC379C29ABE6E700A5DDB2 /* DropDownCell.xib */ = {isa = PBXFileReference; fileEncoding = 4; lastKnownFileType = file.xib; path = DropDownCell.xib; sourceTree = "<group>"; };
		B1CC379E29ABE74700A5DDB2 /* DropDown.swift */ = {isa = PBXFileReference; fileEncoding = 4; lastKnownFileType = sourcecode.swift; path = DropDown.swift; sourceTree = "<group>"; };
		B1CC37A129AD1B9000A5DDB2 /* NetworkRouter.swift */ = {isa = PBXFileReference; lastKnownFileType = sourcecode.swift; path = NetworkRouter.swift; sourceTree = "<group>"; };
		B1CC37A329AD1BE700A5DDB2 /* HTTPMethod.swift */ = {isa = PBXFileReference; lastKnownFileType = sourcecode.swift; path = HTTPMethod.swift; sourceTree = "<group>"; };
		B1CC37A529AD1C8600A5DDB2 /* EndPoints.swift */ = {isa = PBXFileReference; lastKnownFileType = sourcecode.swift; path = EndPoints.swift; sourceTree = "<group>"; };
		B1CC37A729AD1CBC00A5DDB2 /* HTTPTask.swift */ = {isa = PBXFileReference; lastKnownFileType = sourcecode.swift; path = HTTPTask.swift; sourceTree = "<group>"; };
		B1CC37A929AD1D1300A5DDB2 /* JSONParameterEncoder.swift */ = {isa = PBXFileReference; lastKnownFileType = sourcecode.swift; path = JSONParameterEncoder.swift; sourceTree = "<group>"; };
		B1CC37AB29AD1D3D00A5DDB2 /* NetworkError.swift */ = {isa = PBXFileReference; lastKnownFileType = sourcecode.swift; path = NetworkError.swift; sourceTree = "<group>"; };
		B1CC37AD29AD1D8B00A5DDB2 /* NetworkLogger.swift */ = {isa = PBXFileReference; lastKnownFileType = sourcecode.swift; path = NetworkLogger.swift; sourceTree = "<group>"; };
		B1CC37AF29AD1DAC00A5DDB2 /* ParameterEncoding.swift */ = {isa = PBXFileReference; lastKnownFileType = sourcecode.swift; path = ParameterEncoding.swift; sourceTree = "<group>"; };
		B1CC37B129AD1DBC00A5DDB2 /* URLParameterEncoder.swift */ = {isa = PBXFileReference; lastKnownFileType = sourcecode.swift; path = URLParameterEncoder.swift; sourceTree = "<group>"; };
		B1CC37B529AD256000A5DDB2 /* LoginRequestModel.swift */ = {isa = PBXFileReference; lastKnownFileType = sourcecode.swift; path = LoginRequestModel.swift; sourceTree = "<group>"; };
		B1CC37B729AD257000A5DDB2 /* LoginResponseModel.swift */ = {isa = PBXFileReference; lastKnownFileType = sourcecode.swift; path = LoginResponseModel.swift; sourceTree = "<group>"; };
		B1CC37B929AD26DE00A5DDB2 /* LoginRoute.swift */ = {isa = PBXFileReference; lastKnownFileType = sourcecode.swift; path = LoginRoute.swift; sourceTree = "<group>"; };
		B1CC37BB29AE85BD00A5DDB2 /* CreateAccountRequestModel.swift */ = {isa = PBXFileReference; lastKnownFileType = sourcecode.swift; path = CreateAccountRequestModel.swift; sourceTree = "<group>"; };
		B1CC37BD29AE863300A5DDB2 /* CreateAccountResponseModel.swift */ = {isa = PBXFileReference; lastKnownFileType = sourcecode.swift; path = CreateAccountResponseModel.swift; sourceTree = "<group>"; };
		B1CC37BF29AE867400A5DDB2 /* CreateAccountRoute.swift */ = {isa = PBXFileReference; lastKnownFileType = sourcecode.swift; path = CreateAccountRoute.swift; sourceTree = "<group>"; };
		B1CC37C229AFC46B00A5DDB2 /* SkuViewController.swift */ = {isa = PBXFileReference; lastKnownFileType = sourcecode.swift; path = SkuViewController.swift; sourceTree = "<group>"; };
		B1CC37C329AFC46B00A5DDB2 /* SkuViewController.xib */ = {isa = PBXFileReference; lastKnownFileType = file.xib; path = SkuViewController.xib; sourceTree = "<group>"; };
		B1CC37C629AFC48200A5DDB2 /* SkuViewModel.swift */ = {isa = PBXFileReference; lastKnownFileType = sourcecode.swift; path = SkuViewModel.swift; sourceTree = "<group>"; };
		B1CC37C829AFC4AA00A5DDB2 /* SkuCoordinator.swift */ = {isa = PBXFileReference; lastKnownFileType = sourcecode.swift; path = SkuCoordinator.swift; sourceTree = "<group>"; };
		BA06A453084F879BDEA1334F /* Pods-VJ_MVVM.debug.xcconfig */ = {isa = PBXFileReference; includeInIndex = 1; lastKnownFileType = text.xcconfig; name = "Pods-VJ_MVVM.debug.xcconfig"; path = "Target Support Files/Pods-VJ_MVVM/Pods-VJ_MVVM.debug.xcconfig"; sourceTree = "<group>"; };
		E549C559838254198FFFBD1E /* Pods_VJ_MVVM.framework */ = {isa = PBXFileReference; explicitFileType = wrapper.framework; includeInIndex = 0; path = Pods_VJ_MVVM.framework; sourceTree = BUILT_PRODUCTS_DIR; };
		E7DB3C1D2E66FB78BA92ACA9 /* Pods-VJ_MVVM.release.xcconfig */ = {isa = PBXFileReference; includeInIndex = 1; lastKnownFileType = text.xcconfig; name = "Pods-VJ_MVVM.release.xcconfig"; path = "Target Support Files/Pods-VJ_MVVM/Pods-VJ_MVVM.release.xcconfig"; sourceTree = "<group>"; };
/* End PBXFileReference section */

/* Begin PBXFrameworksBuildPhase section */
		B1239140299A2F8300E1C33B /* Frameworks */ = {
			isa = PBXFrameworksBuildPhase;
			buildActionMask = 2147483647;
			files = (
				506BD35AD191D45C40F0D34A /* Pods_VJ_MVVM.framework in Frameworks */,
			);
			runOnlyForDeploymentPostprocessing = 0;
		};
		B1239159299A2F8400E1C33B /* Frameworks */ = {
			isa = PBXFrameworksBuildPhase;
			buildActionMask = 2147483647;
			files = (
				1A591ECA80B8AED046F27862 /* Pods_VJ_MVVMTests.framework in Frameworks */,
			);
			runOnlyForDeploymentPostprocessing = 0;
		};
		B1239163299A2F8400E1C33B /* Frameworks */ = {
			isa = PBXFrameworksBuildPhase;
			buildActionMask = 2147483647;
			files = (
				BE9151848DD3BC43C11F07CB /* Pods_VJ_MVVM_VJ_MVVMUITests.framework in Frameworks */,
			);
			runOnlyForDeploymentPostprocessing = 0;
		};
/* End PBXFrameworksBuildPhase section */

/* Begin PBXGroup section */
		6C8A681FA8DDE2ACB205F316 /* Pods */ = {
			isa = PBXGroup;
			children = (
				BA06A453084F879BDEA1334F /* Pods-VJ_MVVM.debug.xcconfig */,
				E7DB3C1D2E66FB78BA92ACA9 /* Pods-VJ_MVVM.release.xcconfig */,
				10CB13B268A55E8DA95CAC04 /* Pods-VJ_MVVM-VJ_MVVMUITests.debug.xcconfig */,
				166184606CF2DAB572782B89 /* Pods-VJ_MVVM-VJ_MVVMUITests.release.xcconfig */,
				80B94BC751ACA6BEEFB5C2A1 /* Pods-VJ_MVVMTests.debug.xcconfig */,
				31D0C71510A757DB2B78A5EC /* Pods-VJ_MVVMTests.release.xcconfig */,
			);
			path = Pods;
			sourceTree = "<group>";
		};
		6ED0F3BFE2AB278BA04BF79E /* Frameworks */ = {
			isa = PBXGroup;
			children = (
				E549C559838254198FFFBD1E /* Pods_VJ_MVVM.framework */,
				1AD029A3B5371C79D7F62686 /* Pods_VJ_MVVM_VJ_MVVMUITests.framework */,
				3925BF8FC580497F414B57A7 /* Pods_VJ_MVVMTests.framework */,
			);
			name = Frameworks;
			sourceTree = "<group>";
		};
		B108E97129B12BE400C33150 /* Entity */ = {
			isa = PBXGroup;
			children = (
				B108E97229B12C0200C33150 /* HomeResponseModel.swift */,
				B108E97429B12C0C00C33150 /* HomeRoute.swift */,
			);
			path = Entity;
			sourceTree = "<group>";
		};
		B111ABFE29AA977100EEAF41 /* HomeCells+XIB */ = {
			isa = PBXGroup;
			children = (
				B16BF1A929A6998C008EA5AA /* CategoryCollectionViewCell.swift */,
				B16BF1AA29A6998C008EA5AA /* CategoryCollectionViewCell.xib */,
				B111ABFA29AA976B00EEAF41 /* AdsCollectionViewCell.swift */,
				B111ABFB29AA976B00EEAF41 /* AdsCollectionViewCell.xib */,
				B111ABFF29AA9A3C00EEAF41 /* ProjectsCollectionViewCell.swift */,
				B111AC0029AA9A3C00EEAF41 /* ProjectsCollectionViewCell.xib */,
			);
			path = "HomeCells+XIB";
			sourceTree = "<group>";
		};
		B123913A299A2F8200E1C33B = {
			isa = PBXGroup;
			children = (
				B1239145299A2F8300E1C33B /* VJ_MVVM */,
				B123915F299A2F8400E1C33B /* VJ_MVVMTests */,
				B1239169299A2F8400E1C33B /* VJ_MVVMUITests */,
				B1239144299A2F8300E1C33B /* Products */,
				6C8A681FA8DDE2ACB205F316 /* Pods */,
				6ED0F3BFE2AB278BA04BF79E /* Frameworks */,
			);
			sourceTree = "<group>";
		};
		B1239144299A2F8300E1C33B /* Products */ = {
			isa = PBXGroup;
			children = (
				B1239143299A2F8300E1C33B /* VJ_MVVM.app */,
				B123915C299A2F8400E1C33B /* VJ_MVVMTests.xctest */,
				B1239166299A2F8400E1C33B /* VJ_MVVMUITests.xctest */,
			);
			name = Products;
			sourceTree = "<group>";
		};
		B1239145299A2F8300E1C33B /* VJ_MVVM */ = {
			isa = PBXGroup;
			children = (
				B1CC37A029AD1B3A00A5DDB2 /* Network */,
				B1CC378B29ABE69700A5DDB2 /* DropDown */,
				B1239179299A315800E1C33B /* Constants */,
				B123917E299A330900E1C33B /* Factory */,
				B12391C3299B9C6C00E1C33B /* UIKitExtension */,
				B12391BB299AC41D00E1C33B /* Protocols */,
				B12391C0299AC4B700E1C33B /* Extensions */,
				B12391C7299B9CDC00E1C33B /* Features */,
				B12391AE299A662200E1C33B /* Main */,
				B1239152299A2F8400E1C33B /* Assets.xcassets */,
				B1239154299A2F8400E1C33B /* LaunchScreen.storyboard */,
				B1239157299A2F8400E1C33B /* Info.plist */,
				B123914F299A2F8300E1C33B /* VJ_MVVM.xcdatamodeld */,
			);
			path = VJ_MVVM;
			sourceTree = "<group>";
		};
		B123915F299A2F8400E1C33B /* VJ_MVVMTests */ = {
			isa = PBXGroup;
			children = (
				B1239160299A2F8400E1C33B /* VJ_MVVMTests.swift */,
			);
			path = VJ_MVVMTests;
			sourceTree = "<group>";
		};
		B1239169299A2F8400E1C33B /* VJ_MVVMUITests */ = {
			isa = PBXGroup;
			children = (
				B123916A299A2F8400E1C33B /* VJ_MVVMUITests.swift */,
				B123916C299A2F8400E1C33B /* VJ_MVVMUITestsLaunchTests.swift */,
			);
			path = VJ_MVVMUITests;
			sourceTree = "<group>";
		};
		B1239179299A315800E1C33B /* Constants */ = {
			isa = PBXGroup;
			children = (
				B123917A299A317200E1C33B /* StringConstants.swift */,
			);
			path = Constants;
			sourceTree = "<group>";
		};
		B123917E299A330900E1C33B /* Factory */ = {
			isa = PBXGroup;
			children = (
				B1239180299A335000E1C33B /* Validator */,
			);
			path = Factory;
			sourceTree = "<group>";
		};
		B1239180299A335000E1C33B /* Validator */ = {
			isa = PBXGroup;
			children = (
				B1239182299A4F4F00E1C33B /* ValidatorType.swift */,
				B1239186299A4F9400E1C33B /* Validator.swift */,
				B123918A299A51C200E1C33B /* ValidatorFactory.swift */,
				B12391A6299A63F300E1C33B /* ValidationError.swift */,
				B1239181299A336600E1C33B /* ValidatorFactoryResult */,
			);
			path = Validator;
			sourceTree = "<group>";
		};
		B1239181299A336600E1C33B /* ValidatorFactoryResult */ = {
			isa = PBXGroup;
			children = (
				B1239192299A632F00E1C33B /* EmailValidator.swift */,
				B123918F299A632F00E1C33B /* MatchFieldValidator.swift */,
				B1239191299A632F00E1C33B /* MobileNumberValidator.swift */,
				B123918E299A632F00E1C33B /* PasswordValidator.swift */,
				B1239190299A632F00E1C33B /* RequiredFieldValidator.swift */,
				B1239193299A632F00E1C33B /* UsernameValidator.swift */,
			);
			path = ValidatorFactoryResult;
			sourceTree = "<group>";
		};
		B12391AE299A662200E1C33B /* Main */ = {
			isa = PBXGroup;
			children = (
				B12391B4299A666500E1C33B /* AppDelegate.swift */,
				B12391B3299A666500E1C33B /* SceneDelegate.swift */,
			);
			name = Main;
			path = Factory/Main;
			sourceTree = "<group>";
		};
		B12391BB299AC41D00E1C33B /* Protocols */ = {
			isa = PBXGroup;
			children = (
				B12391BD299AC43F00E1C33B /* Coordinator */,
				B12391BC299AC43800E1C33B /* ViewModel */,
			);
			path = Protocols;
			sourceTree = "<group>";
		};
		B12391BC299AC43800E1C33B /* ViewModel */ = {
			isa = PBXGroup;
			children = (
				B12391BE299AC45200E1C33B /* ViewModelProtocols.swift */,
			);
			path = ViewModel;
			sourceTree = "<group>";
		};
		B12391BD299AC43F00E1C33B /* Coordinator */ = {
			isa = PBXGroup;
			children = (
				B12391CB299CB96F00E1C33B /* AppCoordinator.swift */,
			);
			path = Coordinator;
			sourceTree = "<group>";
		};
		B12391C0299AC4B700E1C33B /* Extensions */ = {
			isa = PBXGroup;
			children = (
				B12391C1299AC4D100E1C33B /* String.swift */,
				B111ABF829AA910E00EEAF41 /* UINib+extension.swift */,
				B1CC377A29AAB83C00A5DDB2 /* UINib+SingleViewLoad.swift */,
				B1CC377329AAADAF00A5DDB2 /* UIColor.swift */,
				B16BF19F29A691FE008EA5AA /* Optional+Extension.swift */,
			);
			path = Extensions;
			sourceTree = "<group>";
		};
		B12391C3299B9C6C00E1C33B /* UIKitExtension */ = {
			isa = PBXGroup;
			children = (
				B12391CD299CD03A00E1C33B /* PrimaryButton */,
				B16BF19B29A684D7008EA5AA /* RKDesignable */,
				B12391C4299B9C8600E1C33B /* ViewController */,
			);
			path = UIKitExtension;
			sourceTree = "<group>";
		};
		B12391C4299B9C8600E1C33B /* ViewController */ = {
			isa = PBXGroup;
			children = (
				B12391C5299B9C9300E1C33B /* ViewController.swift */,
			);
			path = ViewController;
			sourceTree = "<group>";
		};
		B12391C7299B9CDC00E1C33B /* Features */ = {
			isa = PBXGroup;
			children = (
				B12391C8299B9CF900E1C33B /* Splash */,
				B1917EB329A53C420097AD3C /* Login */,
				B12391DA299CF11A00E1C33B /* CreateAccount */,
				B16BF19E29A69108008EA5AA /* Home */,
				B1CC377529AAB46900A5DDB2 /* Wallet */,
				B1CC377E29ABC44800A5DDB2 /* MyProjects */,
				B1CC37C129AFC42D00A5DDB2 /* Sku */,
			);
			path = Features;
			sourceTree = "<group>";
		};
		B12391C8299B9CF900E1C33B /* Splash */ = {
			isa = PBXGroup;
			children = (
				B12391D7299CEABB00E1C33B /* SplashViewController.xib */,
				B12391D6299CEABB00E1C33B /* SplashViewController.swift */,
				B12391D2299CD3E100E1C33B /* SplashViewModel.swift */,
				B12391D4299CD3F900E1C33B /* SplashCoordinator.swift */,
			);
			path = Splash;
			sourceTree = "<group>";
		};
		B12391CD299CD03A00E1C33B /* PrimaryButton */ = {
			isa = PBXGroup;
			children = (
				B12391CE299CD04B00E1C33B /* PrimaryButton.swift */,
			);
			path = PrimaryButton;
			sourceTree = "<group>";
		};
		B12391DA299CF11A00E1C33B /* CreateAccount */ = {
			isa = PBXGroup;
			children = (
				B1CC37B429AD253900A5DDB2 /* Entity */,
				B12391DC299CF13800E1C33B /* CreateAccountViewController.xib */,
				B12391DB299CF13800E1C33B /* CreateAccountViewController.swift */,
				B12391DF299CFC2000E1C33B /* CreateAccountViewModel.swift */,
				B12391E1299CFC3300E1C33B /* CreateAccountCoordinator.swift */,
			);
			path = CreateAccount;
			sourceTree = "<group>";
		};
		B16BF19B29A684D7008EA5AA /* RKDesignable */ = {
			isa = PBXGroup;
			children = (
				B16BF19C29A684F4008EA5AA /* RKDesginable.swift */,
			);
			path = RKDesignable;
			sourceTree = "<group>";
		};
		B16BF19E29A69108008EA5AA /* Home */ = {
			isa = PBXGroup;
			children = (
				B108E97129B12BE400C33150 /* Entity */,
				B16BF1A629A6971F008EA5AA /* HomeViewController.xib */,
				B16BF1A529A6971F008EA5AA /* HomeViewController.swift */,
				B106E95829A69D6A00A4C79D /* HomeViewModel.swift */,
				B106E95A29A69D7E00A4C79D /* HomeViewCoordinator.swift */,
				B111ABFE29AA977100EEAF41 /* HomeCells+XIB */,
			);
			path = Home;
			sourceTree = "<group>";
		};
		B1917EB329A53C420097AD3C /* Login */ = {
			isa = PBXGroup;
			children = (
				B1CC37B329AD252900A5DDB2 /* Entity */,
				B1917EB529A53C5E0097AD3C /* LoginViewController.xib */,
				B1917EB429A53C5E0097AD3C /* LoginViewController.swift */,
				B1917EB829A53C850097AD3C /* LoginViewModel.swift */,
				B1917EBA29A53C950097AD3C /* LoginCoordinator.swift */,
			);
			path = Login;
			sourceTree = "<group>";
		};
		B1CC377529AAB46900A5DDB2 /* Wallet */ = {
			isa = PBXGroup;
			children = (
				B1CC377629AAB60300A5DDB2 /* WalletView.swift */,
				B1CC377829AAB63E00A5DDB2 /* WalletView.xib */,
			);
			path = Wallet;
			sourceTree = "<group>";
		};
		B1CC377E29ABC44800A5DDB2 /* MyProjects */ = {
			isa = PBXGroup;
			children = (
				B1CC378029ABC46C00A5DDB2 /* MyProjectsViewController.xib */,
				B1CC377F29ABC46C00A5DDB2 /* MyProjectsViewController.swift */,
				B1CC378329ABC49700A5DDB2 /* MyProjectViewModel.swift */,
				B1CC378529ABC4A600A5DDB2 /* MyProjectCoordinator.swift */,
				B1CC378729ABDC9A00A5DDB2 /* MyProjectCollectionViewCell.swift */,
				B1CC378829ABDC9A00A5DDB2 /* MyProjectCollectionViewCell.xib */,
			);
			path = MyProjects;
			sourceTree = "<group>";
		};
		B1CC378B29ABE69700A5DDB2 /* DropDown */ = {
			isa = PBXGroup;
			children = (
				B1CC378C29ABE6AC00A5DDB2 /* DropDown.h */,
				B1CC378F29ABE6C600A5DDB2 /* resources */,
				B1CC378E29ABE6BF00A5DDB2 /* src */,
				B1CC378D29ABE6B700A5DDB2 /* Helpers */,
			);
			path = DropDown;
			sourceTree = "<group>";
		};
		B1CC378D29ABE6B700A5DDB2 /* Helpers */ = {
			isa = PBXGroup;
			children = (
				B1CC379C29ABE6E700A5DDB2 /* DropDownCell.xib */,
			);
			path = Helpers;
			sourceTree = "<group>";
		};
		B1CC378E29ABE6BF00A5DDB2 /* src */ = {
			isa = PBXGroup;
			children = (
				B1CC379E29ABE74700A5DDB2 /* DropDown.swift */,
				B1CC379829ABE6DC00A5DDB2 /* DropDown+Appearance.swift */,
				B1CC379629ABE6DC00A5DDB2 /* DropDownCell.swift */,
			);
			path = src;
			sourceTree = "<group>";
		};
		B1CC378F29ABE6C600A5DDB2 /* resources */ = {
			isa = PBXGroup;
			children = (
				B1CC379029ABE6D400A5DDB2 /* DPDConstants.swift */,
				B1CC379229ABE6D400A5DDB2 /* DPDKeyboardListener.swift */,
				B1CC379129ABE6D400A5DDB2 /* DPDUIView+Extension.swift */,
			);
			path = resources;
			sourceTree = "<group>";
		};
		B1CC37A029AD1B3A00A5DDB2 /* Network */ = {
			isa = PBXGroup;
			children = (
				B1CC37A129AD1B9000A5DDB2 /* NetworkRouter.swift */,
				B1CC37A329AD1BE700A5DDB2 /* HTTPMethod.swift */,
				B1CC37A529AD1C8600A5DDB2 /* EndPoints.swift */,
				B1CC37A729AD1CBC00A5DDB2 /* HTTPTask.swift */,
				B1CC37AF29AD1DAC00A5DDB2 /* ParameterEncoding.swift */,
				B1CC37A929AD1D1300A5DDB2 /* JSONParameterEncoder.swift */,
				B1CC37B129AD1DBC00A5DDB2 /* URLParameterEncoder.swift */,
				B1CC37AB29AD1D3D00A5DDB2 /* NetworkError.swift */,
				B1CC37AD29AD1D8B00A5DDB2 /* NetworkLogger.swift */,
			);
			path = Network;
			sourceTree = "<group>";
		};
		B1CC37B329AD252900A5DDB2 /* Entity */ = {
			isa = PBXGroup;
			children = (
				B1CC37B529AD256000A5DDB2 /* LoginRequestModel.swift */,
				B1CC37B729AD257000A5DDB2 /* LoginResponseModel.swift */,
				B1CC37B929AD26DE00A5DDB2 /* LoginRoute.swift */,
			);
			path = Entity;
			sourceTree = "<group>";
		};
		B1CC37B429AD253900A5DDB2 /* Entity */ = {
			isa = PBXGroup;
			children = (
				B1CC37BB29AE85BD00A5DDB2 /* CreateAccountRequestModel.swift */,
				B1CC37BD29AE863300A5DDB2 /* CreateAccountResponseModel.swift */,
				B1CC37BF29AE867400A5DDB2 /* CreateAccountRoute.swift */,
			);
			path = Entity;
			sourceTree = "<group>";
		};
		B1CC37C129AFC42D00A5DDB2 /* Sku */ = {
			isa = PBXGroup;
			children = (
				B1CC37C329AFC46B00A5DDB2 /* SkuViewController.xib */,
				B1CC37C229AFC46B00A5DDB2 /* SkuViewController.swift */,
				B1CC37C629AFC48200A5DDB2 /* SkuViewModel.swift */,
				B1CC37C829AFC4AA00A5DDB2 /* SkuCoordinator.swift */,
			);
			path = Sku;
			sourceTree = "<group>";
		};
/* End PBXGroup section */

/* Begin PBXNativeTarget section */
		B1239142299A2F8300E1C33B /* VJ_MVVM */ = {
			isa = PBXNativeTarget;
			buildConfigurationList = B1239170299A2F8400E1C33B /* Build configuration list for PBXNativeTarget "VJ_MVVM" */;
			buildPhases = (
				C6DB448549F9D4E3835E5121 /* [CP] Check Pods Manifest.lock */,
				B123913F299A2F8300E1C33B /* Sources */,
				B1239140299A2F8300E1C33B /* Frameworks */,
				B1239141299A2F8300E1C33B /* Resources */,
				B758178C00EA6837E8DAAFF4 /* [CP] Embed Pods Frameworks */,
			);
			buildRules = (
			);
			dependencies = (
			);
			name = VJ_MVVM;
			productName = VJ_MVVM;
			productReference = B1239143299A2F8300E1C33B /* VJ_MVVM.app */;
			productType = "com.apple.product-type.application";
		};
		B123915B299A2F8400E1C33B /* VJ_MVVMTests */ = {
			isa = PBXNativeTarget;
			buildConfigurationList = B1239173299A2F8400E1C33B /* Build configuration list for PBXNativeTarget "VJ_MVVMTests" */;
			buildPhases = (
				1E16DCB5F8D86B84F2260CEB /* [CP] Check Pods Manifest.lock */,
				B1239158299A2F8400E1C33B /* Sources */,
				B1239159299A2F8400E1C33B /* Frameworks */,
				B123915A299A2F8400E1C33B /* Resources */,
			);
			buildRules = (
			);
			dependencies = (
				B123915E299A2F8400E1C33B /* PBXTargetDependency */,
			);
			name = VJ_MVVMTests;
			productName = VJ_MVVMTests;
			productReference = B123915C299A2F8400E1C33B /* VJ_MVVMTests.xctest */;
			productType = "com.apple.product-type.bundle.unit-test";
		};
		B1239165299A2F8400E1C33B /* VJ_MVVMUITests */ = {
			isa = PBXNativeTarget;
			buildConfigurationList = B1239176299A2F8400E1C33B /* Build configuration list for PBXNativeTarget "VJ_MVVMUITests" */;
			buildPhases = (
				F3450529A36EF2247F93C144 /* [CP] Check Pods Manifest.lock */,
				B1239162299A2F8400E1C33B /* Sources */,
				B1239163299A2F8400E1C33B /* Frameworks */,
				B1239164299A2F8400E1C33B /* Resources */,
				0A7765BE1ABF46D4E70CB8D7 /* [CP] Embed Pods Frameworks */,
			);
			buildRules = (
			);
			dependencies = (
				B1239168299A2F8400E1C33B /* PBXTargetDependency */,
			);
			name = VJ_MVVMUITests;
			productName = VJ_MVVMUITests;
			productReference = B1239166299A2F8400E1C33B /* VJ_MVVMUITests.xctest */;
			productType = "com.apple.product-type.bundle.ui-testing";
		};
/* End PBXNativeTarget section */

/* Begin PBXProject section */
		B123913B299A2F8200E1C33B /* Project object */ = {
			isa = PBXProject;
			attributes = {
				BuildIndependentTargetsInParallel = 1;
				LastSwiftUpdateCheck = 1410;
				LastUpgradeCheck = 1410;
				TargetAttributes = {
					B1239142299A2F8300E1C33B = {
						CreatedOnToolsVersion = 14.1;
					};
					B123915B299A2F8400E1C33B = {
						CreatedOnToolsVersion = 14.1;
						TestTargetID = B1239142299A2F8300E1C33B;
					};
					B1239165299A2F8400E1C33B = {
						CreatedOnToolsVersion = 14.1;
						TestTargetID = B1239142299A2F8300E1C33B;
					};
				};
			};
			buildConfigurationList = B123913E299A2F8200E1C33B /* Build configuration list for PBXProject "VJ_MVVM" */;
			compatibilityVersion = "Xcode 14.0";
			developmentRegion = en;
			hasScannedForEncodings = 0;
			knownRegions = (
				en,
				Base,
			);
			mainGroup = B123913A299A2F8200E1C33B;
			productRefGroup = B1239144299A2F8300E1C33B /* Products */;
			projectDirPath = "";
			projectRoot = "";
			targets = (
				B1239142299A2F8300E1C33B /* VJ_MVVM */,
				B123915B299A2F8400E1C33B /* VJ_MVVMTests */,
				B1239165299A2F8400E1C33B /* VJ_MVVMUITests */,
			);
		};
/* End PBXProject section */

/* Begin PBXResourcesBuildPhase section */
		B1239141299A2F8300E1C33B /* Resources */ = {
			isa = PBXResourcesBuildPhase;
			buildActionMask = 2147483647;
			files = (
				B1CC378229ABC46C00A5DDB2 /* MyProjectsViewController.xib in Resources */,
				B1917EB729A53C5E0097AD3C /* LoginViewController.xib in Resources */,
				B111ABFD29AA976B00EEAF41 /* AdsCollectionViewCell.xib in Resources */,
				B16BF1AC29A6998C008EA5AA /* CategoryCollectionViewCell.xib in Resources */,
				B1CC378A29ABDC9A00A5DDB2 /* MyProjectCollectionViewCell.xib in Resources */,
				B12391DE299CF13800E1C33B /* CreateAccountViewController.xib in Resources */,
				B1239156299A2F8400E1C33B /* LaunchScreen.storyboard in Resources */,
				B1CC379D29ABE6E700A5DDB2 /* DropDownCell.xib in Resources */,
				B1239153299A2F8400E1C33B /* Assets.xcassets in Resources */,
				B12391D9299CEABB00E1C33B /* SplashViewController.xib in Resources */,
				B1CC37C529AFC46B00A5DDB2 /* SkuViewController.xib in Resources */,
				B16BF1A829A6971F008EA5AA /* HomeViewController.xib in Resources */,
				B111AC0229AA9A3C00EEAF41 /* ProjectsCollectionViewCell.xib in Resources */,
				B1CC377929AAB63E00A5DDB2 /* WalletView.xib in Resources */,
			);
			runOnlyForDeploymentPostprocessing = 0;
		};
		B123915A299A2F8400E1C33B /* Resources */ = {
			isa = PBXResourcesBuildPhase;
			buildActionMask = 2147483647;
			files = (
			);
			runOnlyForDeploymentPostprocessing = 0;
		};
		B1239164299A2F8400E1C33B /* Resources */ = {
			isa = PBXResourcesBuildPhase;
			buildActionMask = 2147483647;
			files = (
			);
			runOnlyForDeploymentPostprocessing = 0;
		};
/* End PBXResourcesBuildPhase section */

/* Begin PBXShellScriptBuildPhase section */
		0A7765BE1ABF46D4E70CB8D7 /* [CP] Embed Pods Frameworks */ = {
			isa = PBXShellScriptBuildPhase;
			buildActionMask = 2147483647;
			files = (
			);
			inputFileListPaths = (
				"${PODS_ROOT}/Target Support Files/Pods-VJ_MVVM-VJ_MVVMUITests/Pods-VJ_MVVM-VJ_MVVMUITests-frameworks-${CONFIGURATION}-input-files.xcfilelist",
			);
			name = "[CP] Embed Pods Frameworks";
			outputFileListPaths = (
				"${PODS_ROOT}/Target Support Files/Pods-VJ_MVVM-VJ_MVVMUITests/Pods-VJ_MVVM-VJ_MVVMUITests-frameworks-${CONFIGURATION}-output-files.xcfilelist",
			);
			runOnlyForDeploymentPostprocessing = 0;
			shellPath = /bin/sh;
			shellScript = "\"${PODS_ROOT}/Target Support Files/Pods-VJ_MVVM-VJ_MVVMUITests/Pods-VJ_MVVM-VJ_MVVMUITests-frameworks.sh\"\n";
			showEnvVarsInLog = 0;
		};
		1E16DCB5F8D86B84F2260CEB /* [CP] Check Pods Manifest.lock */ = {
			isa = PBXShellScriptBuildPhase;
			buildActionMask = 2147483647;
			files = (
			);
			inputFileListPaths = (
			);
			inputPaths = (
				"${PODS_PODFILE_DIR_PATH}/Podfile.lock",
				"${PODS_ROOT}/Manifest.lock",
			);
			name = "[CP] Check Pods Manifest.lock";
			outputFileListPaths = (
			);
			outputPaths = (
				"$(DERIVED_FILE_DIR)/Pods-VJ_MVVMTests-checkManifestLockResult.txt",
			);
			runOnlyForDeploymentPostprocessing = 0;
			shellPath = /bin/sh;
			shellScript = "diff \"${PODS_PODFILE_DIR_PATH}/Podfile.lock\" \"${PODS_ROOT}/Manifest.lock\" > /dev/null\nif [ $? != 0 ] ; then\n    # print error to STDERR\n    echo \"error: The sandbox is not in sync with the Podfile.lock. Run 'pod install' or update your CocoaPods installation.\" >&2\n    exit 1\nfi\n# This output is used by Xcode 'outputs' to avoid re-running this script phase.\necho \"SUCCESS\" > \"${SCRIPT_OUTPUT_FILE_0}\"\n";
			showEnvVarsInLog = 0;
		};
		B758178C00EA6837E8DAAFF4 /* [CP] Embed Pods Frameworks */ = {
			isa = PBXShellScriptBuildPhase;
			buildActionMask = 2147483647;
			files = (
			);
			inputFileListPaths = (
				"${PODS_ROOT}/Target Support Files/Pods-VJ_MVVM/Pods-VJ_MVVM-frameworks-${CONFIGURATION}-input-files.xcfilelist",
			);
			name = "[CP] Embed Pods Frameworks";
			outputFileListPaths = (
				"${PODS_ROOT}/Target Support Files/Pods-VJ_MVVM/Pods-VJ_MVVM-frameworks-${CONFIGURATION}-output-files.xcfilelist",
			);
			runOnlyForDeploymentPostprocessing = 0;
			shellPath = /bin/sh;
			shellScript = "\"${PODS_ROOT}/Target Support Files/Pods-VJ_MVVM/Pods-VJ_MVVM-frameworks.sh\"\n";
			showEnvVarsInLog = 0;
		};
		C6DB448549F9D4E3835E5121 /* [CP] Check Pods Manifest.lock */ = {
			isa = PBXShellScriptBuildPhase;
			buildActionMask = 2147483647;
			files = (
			);
			inputFileListPaths = (
			);
			inputPaths = (
				"${PODS_PODFILE_DIR_PATH}/Podfile.lock",
				"${PODS_ROOT}/Manifest.lock",
			);
			name = "[CP] Check Pods Manifest.lock";
			outputFileListPaths = (
			);
			outputPaths = (
				"$(DERIVED_FILE_DIR)/Pods-VJ_MVVM-checkManifestLockResult.txt",
			);
			runOnlyForDeploymentPostprocessing = 0;
			shellPath = /bin/sh;
			shellScript = "diff \"${PODS_PODFILE_DIR_PATH}/Podfile.lock\" \"${PODS_ROOT}/Manifest.lock\" > /dev/null\nif [ $? != 0 ] ; then\n    # print error to STDERR\n    echo \"error: The sandbox is not in sync with the Podfile.lock. Run 'pod install' or update your CocoaPods installation.\" >&2\n    exit 1\nfi\n# This output is used by Xcode 'outputs' to avoid re-running this script phase.\necho \"SUCCESS\" > \"${SCRIPT_OUTPUT_FILE_0}\"\n";
			showEnvVarsInLog = 0;
		};
		F3450529A36EF2247F93C144 /* [CP] Check Pods Manifest.lock */ = {
			isa = PBXShellScriptBuildPhase;
			buildActionMask = 2147483647;
			files = (
			);
			inputFileListPaths = (
			);
			inputPaths = (
				"${PODS_PODFILE_DIR_PATH}/Podfile.lock",
				"${PODS_ROOT}/Manifest.lock",
			);
			name = "[CP] Check Pods Manifest.lock";
			outputFileListPaths = (
			);
			outputPaths = (
				"$(DERIVED_FILE_DIR)/Pods-VJ_MVVM-VJ_MVVMUITests-checkManifestLockResult.txt",
			);
			runOnlyForDeploymentPostprocessing = 0;
			shellPath = /bin/sh;
			shellScript = "diff \"${PODS_PODFILE_DIR_PATH}/Podfile.lock\" \"${PODS_ROOT}/Manifest.lock\" > /dev/null\nif [ $? != 0 ] ; then\n    # print error to STDERR\n    echo \"error: The sandbox is not in sync with the Podfile.lock. Run 'pod install' or update your CocoaPods installation.\" >&2\n    exit 1\nfi\n# This output is used by Xcode 'outputs' to avoid re-running this script phase.\necho \"SUCCESS\" > \"${SCRIPT_OUTPUT_FILE_0}\"\n";
			showEnvVarsInLog = 0;
		};
/* End PBXShellScriptBuildPhase section */

/* Begin PBXSourcesBuildPhase section */
		B123913F299A2F8300E1C33B /* Sources */ = {
			isa = PBXSourcesBuildPhase;
			buildActionMask = 2147483647;
			files = (
				B1CC37A629AD1C8600A5DDB2 /* EndPoints.swift in Sources */,
				B1CC37AC29AD1D3D00A5DDB2 /* NetworkError.swift in Sources */,
				B16BF1AB29A6998C008EA5AA /* CategoryCollectionViewCell.swift in Sources */,
				B106E95929A69D6A00A4C79D /* HomeViewModel.swift in Sources */,
				B106E95B29A69D7E00A4C79D /* HomeViewCoordinator.swift in Sources */,
				B1239183299A4F4F00E1C33B /* ValidatorType.swift in Sources */,
				B111ABF929AA910E00EEAF41 /* UINib+extension.swift in Sources */,
				B123917B299A317200E1C33B /* StringConstants.swift in Sources */,
				B16BF1A729A6971F008EA5AA /* HomeViewController.swift in Sources */,
				B1CC37BA29AD26DE00A5DDB2 /* LoginRoute.swift in Sources */,
				B1CC37AE29AD1D8B00A5DDB2 /* NetworkLogger.swift in Sources */,
				B1917EBB29A53C950097AD3C /* LoginCoordinator.swift in Sources */,
				B1CC378129ABC46C00A5DDB2 /* MyProjectsViewController.swift in Sources */,
				B12391D8299CEABB00E1C33B /* SplashViewController.swift in Sources */,
				B1CC379929ABE6DC00A5DDB2 /* DropDownCell.swift in Sources */,
				B1CC37BC29AE85BD00A5DDB2 /* CreateAccountRequestModel.swift in Sources */,
				B1CC37A829AD1CBC00A5DDB2 /* HTTPTask.swift in Sources */,
				B111AC0129AA9A3C00EEAF41 /* ProjectsCollectionViewCell.swift in Sources */,
				B123919A299A632F00E1C33B /* RequiredFieldValidator.swift in Sources */,
				B1CC37AA29AD1D1300A5DDB2 /* JSONParameterEncoder.swift in Sources */,
				B12391E0299CFC2000E1C33B /* CreateAccountViewModel.swift in Sources */,
				B1CC37A229AD1B9000A5DDB2 /* NetworkRouter.swift in Sources */,
				B12391D3299CD3E100E1C33B /* SplashViewModel.swift in Sources */,
				B1CC37B629AD256000A5DDB2 /* LoginRequestModel.swift in Sources */,
				B16BF1A029A691FE008EA5AA /* Optional+Extension.swift in Sources */,
				B1CC377729AAB60300A5DDB2 /* WalletView.swift in Sources */,
				B1CC378929ABDC9A00A5DDB2 /* MyProjectCollectionViewCell.swift in Sources */,
				B1CC379429ABE6D400A5DDB2 /* DPDUIView+Extension.swift in Sources */,
				B12391E2299CFC3300E1C33B /* CreateAccountCoordinator.swift in Sources */,
				B12391BF299AC45200E1C33B /* ViewModelProtocols.swift in Sources */,
				B1917EB929A53C850097AD3C /* LoginViewModel.swift in Sources */,
				B12391D5299CD3F900E1C33B /* SplashCoordinator.swift in Sources */,
				B123918B299A51C200E1C33B /* ValidatorFactory.swift in Sources */,
				B1239151299A2F8300E1C33B /* VJ_MVVM.xcdatamodeld in Sources */,
				B12391CC299CB96F00E1C33B /* AppCoordinator.swift in Sources */,
				B108E97329B12C0200C33150 /* HomeResponseModel.swift in Sources */,
				B12391B5299A666500E1C33B /* SceneDelegate.swift in Sources */,
				B1239197299A632F00E1C33B /* MatchFieldValidator.swift in Sources */,
				B12391B8299A666500E1C33B /* AppDelegate.swift in Sources */,
				B12391C6299B9C9300E1C33B /* ViewController.swift in Sources */,
				B108E97529B12C0C00C33150 /* HomeRoute.swift in Sources */,
				B1CC379F29ABE74700A5DDB2 /* DropDown.swift in Sources */,
				B12391DD299CF13800E1C33B /* CreateAccountViewController.swift in Sources */,
				B111ABFC29AA976B00EEAF41 /* AdsCollectionViewCell.swift in Sources */,
				B1CC37B229AD1DBC00A5DDB2 /* URLParameterEncoder.swift in Sources */,
				B1CC377B29AAB83C00A5DDB2 /* UINib+SingleViewLoad.swift in Sources */,
				B1CC37B829AD257000A5DDB2 /* LoginResponseModel.swift in Sources */,
				B1CC377429AAADAF00A5DDB2 /* UIColor.swift in Sources */,
				B1CC37A429AD1BE700A5DDB2 /* HTTPMethod.swift in Sources */,
				B16BF19D29A684F4008EA5AA /* RKDesginable.swift in Sources */,
				B1CC37C429AFC46B00A5DDB2 /* SkuViewController.swift in Sources */,
				B1CC379329ABE6D400A5DDB2 /* DPDConstants.swift in Sources */,
				B12391A0299A632F00E1C33B /* EmailValidator.swift in Sources */,
				B1CC37C029AE867400A5DDB2 /* CreateAccountRoute.swift in Sources */,
				B1CC379B29ABE6DC00A5DDB2 /* DropDown+Appearance.swift in Sources */,
				B1CC379529ABE6D500A5DDB2 /* DPDKeyboardListener.swift in Sources */,
				B1CC37C929AFC4AA00A5DDB2 /* SkuCoordinator.swift in Sources */,
				B123919D299A632F00E1C33B /* MobileNumberValidator.swift in Sources */,
				B1CC37B029AD1DAC00A5DDB2 /* ParameterEncoding.swift in Sources */,
				B1CC37C729AFC48200A5DDB2 /* SkuViewModel.swift in Sources */,
				B12391A7299A63F300E1C33B /* ValidationError.swift in Sources */,
				B12391A3299A632F00E1C33B /* UsernameValidator.swift in Sources */,
				B1CC37BE29AE863300A5DDB2 /* CreateAccountResponseModel.swift in Sources */,
				B1CC378629ABC4A600A5DDB2 /* MyProjectCoordinator.swift in Sources */,
				B1239194299A632F00E1C33B /* PasswordValidator.swift in Sources */,
				B12391CF299CD04B00E1C33B /* PrimaryButton.swift in Sources */,
				B1CC378429ABC49700A5DDB2 /* MyProjectViewModel.swift in Sources */,
				B12391C2299AC4D100E1C33B /* String.swift in Sources */,
				B1917EB629A53C5E0097AD3C /* LoginViewController.swift in Sources */,
				B1239187299A4F9400E1C33B /* Validator.swift in Sources */,
			);
			runOnlyForDeploymentPostprocessing = 0;
		};
		B1239158299A2F8400E1C33B /* Sources */ = {
			isa = PBXSourcesBuildPhase;
			buildActionMask = 2147483647;
			files = (
				B1239161299A2F8400E1C33B /* VJ_MVVMTests.swift in Sources */,
				B123918C299A51C200E1C33B /* ValidatorFactory.swift in Sources */,
				B123917C299A317200E1C33B /* StringConstants.swift in Sources */,
				B12391A4299A632F00E1C33B /* UsernameValidator.swift in Sources */,
				B12391B9299A666500E1C33B /* AppDelegate.swift in Sources */,
				B12391A1299A632F00E1C33B /* EmailValidator.swift in Sources */,
				B1239188299A4F9400E1C33B /* Validator.swift in Sources */,
				B123919B299A632F00E1C33B /* RequiredFieldValidator.swift in Sources */,
				B123919E299A632F00E1C33B /* MobileNumberValidator.swift in Sources */,
				B12391B6299A666500E1C33B /* SceneDelegate.swift in Sources */,
				B1239198299A632F00E1C33B /* MatchFieldValidator.swift in Sources */,
				B1239184299A4F4F00E1C33B /* ValidatorType.swift in Sources */,
				B1239195299A632F00E1C33B /* PasswordValidator.swift in Sources */,
				B12391A8299A63F300E1C33B /* ValidationError.swift in Sources */,
			);
			runOnlyForDeploymentPostprocessing = 0;
		};
		B1239162299A2F8400E1C33B /* Sources */ = {
			isa = PBXSourcesBuildPhase;
			buildActionMask = 2147483647;
			files = (
				B123916D299A2F8400E1C33B /* VJ_MVVMUITestsLaunchTests.swift in Sources */,
				B12391B7299A666500E1C33B /* SceneDelegate.swift in Sources */,
				B1239196299A632F00E1C33B /* PasswordValidator.swift in Sources */,
				B12391BA299A666500E1C33B /* AppDelegate.swift in Sources */,
				B123918D299A51C200E1C33B /* ValidatorFactory.swift in Sources */,
				B1239185299A4F4F00E1C33B /* ValidatorType.swift in Sources */,
				B1239189299A4F9400E1C33B /* Validator.swift in Sources */,
				B12391A2299A632F00E1C33B /* EmailValidator.swift in Sources */,
				B12391A5299A632F00E1C33B /* UsernameValidator.swift in Sources */,
				B1239199299A632F00E1C33B /* MatchFieldValidator.swift in Sources */,
				B123919C299A632F00E1C33B /* RequiredFieldValidator.swift in Sources */,
				B123917D299A317200E1C33B /* StringConstants.swift in Sources */,
				B12391A9299A63F300E1C33B /* ValidationError.swift in Sources */,
				B123916B299A2F8400E1C33B /* VJ_MVVMUITests.swift in Sources */,
				B123919F299A632F00E1C33B /* MobileNumberValidator.swift in Sources */,
			);
			runOnlyForDeploymentPostprocessing = 0;
		};
/* End PBXSourcesBuildPhase section */

/* Begin PBXTargetDependency section */
		B123915E299A2F8400E1C33B /* PBXTargetDependency */ = {
			isa = PBXTargetDependency;
			target = B1239142299A2F8300E1C33B /* VJ_MVVM */;
			targetProxy = B123915D299A2F8400E1C33B /* PBXContainerItemProxy */;
		};
		B1239168299A2F8400E1C33B /* PBXTargetDependency */ = {
			isa = PBXTargetDependency;
			target = B1239142299A2F8300E1C33B /* VJ_MVVM */;
			targetProxy = B1239167299A2F8400E1C33B /* PBXContainerItemProxy */;
		};
/* End PBXTargetDependency section */

/* Begin PBXVariantGroup section */
		B1239154299A2F8400E1C33B /* LaunchScreen.storyboard */ = {
			isa = PBXVariantGroup;
			children = (
				B1239155299A2F8400E1C33B /* Base */,
			);
			name = LaunchScreen.storyboard;
			sourceTree = "<group>";
		};
/* End PBXVariantGroup section */

/* Begin XCBuildConfiguration section */
		B123916E299A2F8400E1C33B /* Debug */ = {
			isa = XCBuildConfiguration;
			buildSettings = {
				ALWAYS_SEARCH_USER_PATHS = NO;
				CLANG_ANALYZER_NONNULL = YES;
				CLANG_ANALYZER_NUMBER_OBJECT_CONVERSION = YES_AGGRESSIVE;
				CLANG_CXX_LANGUAGE_STANDARD = "gnu++20";
				CLANG_ENABLE_MODULES = YES;
				CLANG_ENABLE_OBJC_ARC = YES;
				CLANG_ENABLE_OBJC_WEAK = YES;
				CLANG_WARN_BLOCK_CAPTURE_AUTORELEASING = YES;
				CLANG_WARN_BOOL_CONVERSION = YES;
				CLANG_WARN_COMMA = YES;
				CLANG_WARN_CONSTANT_CONVERSION = YES;
				CLANG_WARN_DEPRECATED_OBJC_IMPLEMENTATIONS = YES;
				CLANG_WARN_DIRECT_OBJC_ISA_USAGE = YES_ERROR;
				CLANG_WARN_DOCUMENTATION_COMMENTS = YES;
				CLANG_WARN_EMPTY_BODY = YES;
				CLANG_WARN_ENUM_CONVERSION = YES;
				CLANG_WARN_INFINITE_RECURSION = YES;
				CLANG_WARN_INT_CONVERSION = YES;
				CLANG_WARN_NON_LITERAL_NULL_CONVERSION = YES;
				CLANG_WARN_OBJC_IMPLICIT_RETAIN_SELF = YES;
				CLANG_WARN_OBJC_LITERAL_CONVERSION = YES;
				CLANG_WARN_OBJC_ROOT_CLASS = YES_ERROR;
				CLANG_WARN_QUOTED_INCLUDE_IN_FRAMEWORK_HEADER = YES;
				CLANG_WARN_RANGE_LOOP_ANALYSIS = YES;
				CLANG_WARN_STRICT_PROTOTYPES = YES;
				CLANG_WARN_SUSPICIOUS_MOVE = YES;
				CLANG_WARN_UNGUARDED_AVAILABILITY = YES_AGGRESSIVE;
				CLANG_WARN_UNREACHABLE_CODE = YES;
				CLANG_WARN__DUPLICATE_METHOD_MATCH = YES;
				COPY_PHASE_STRIP = NO;
				DEBUG_INFORMATION_FORMAT = dwarf;
				ENABLE_STRICT_OBJC_MSGSEND = YES;
				ENABLE_TESTABILITY = YES;
				GCC_C_LANGUAGE_STANDARD = gnu11;
				GCC_DYNAMIC_NO_PIC = NO;
				GCC_NO_COMMON_BLOCKS = YES;
				GCC_OPTIMIZATION_LEVEL = 0;
				GCC_PREPROCESSOR_DEFINITIONS = (
					"DEBUG=1",
					"$(inherited)",
				);
				GCC_WARN_64_TO_32_BIT_CONVERSION = YES;
				GCC_WARN_ABOUT_RETURN_TYPE = YES_ERROR;
				GCC_WARN_UNDECLARED_SELECTOR = YES;
				GCC_WARN_UNINITIALIZED_AUTOS = YES_AGGRESSIVE;
				GCC_WARN_UNUSED_FUNCTION = YES;
				GCC_WARN_UNUSED_VARIABLE = YES;
				IPHONEOS_DEPLOYMENT_TARGET = 16.1;
				MTL_ENABLE_DEBUG_INFO = INCLUDE_SOURCE;
				MTL_FAST_MATH = YES;
				ONLY_ACTIVE_ARCH = YES;
				SDKROOT = iphoneos;
				SWIFT_ACTIVE_COMPILATION_CONDITIONS = DEBUG;
				SWIFT_OPTIMIZATION_LEVEL = "-Onone";
			};
			name = Debug;
		};
		B123916F299A2F8400E1C33B /* Release */ = {
			isa = XCBuildConfiguration;
			buildSettings = {
				ALWAYS_SEARCH_USER_PATHS = NO;
				CLANG_ANALYZER_NONNULL = YES;
				CLANG_ANALYZER_NUMBER_OBJECT_CONVERSION = YES_AGGRESSIVE;
				CLANG_CXX_LANGUAGE_STANDARD = "gnu++20";
				CLANG_ENABLE_MODULES = YES;
				CLANG_ENABLE_OBJC_ARC = YES;
				CLANG_ENABLE_OBJC_WEAK = YES;
				CLANG_WARN_BLOCK_CAPTURE_AUTORELEASING = YES;
				CLANG_WARN_BOOL_CONVERSION = YES;
				CLANG_WARN_COMMA = YES;
				CLANG_WARN_CONSTANT_CONVERSION = YES;
				CLANG_WARN_DEPRECATED_OBJC_IMPLEMENTATIONS = YES;
				CLANG_WARN_DIRECT_OBJC_ISA_USAGE = YES_ERROR;
				CLANG_WARN_DOCUMENTATION_COMMENTS = YES;
				CLANG_WARN_EMPTY_BODY = YES;
				CLANG_WARN_ENUM_CONVERSION = YES;
				CLANG_WARN_INFINITE_RECURSION = YES;
				CLANG_WARN_INT_CONVERSION = YES;
				CLANG_WARN_NON_LITERAL_NULL_CONVERSION = YES;
				CLANG_WARN_OBJC_IMPLICIT_RETAIN_SELF = YES;
				CLANG_WARN_OBJC_LITERAL_CONVERSION = YES;
				CLANG_WARN_OBJC_ROOT_CLASS = YES_ERROR;
				CLANG_WARN_QUOTED_INCLUDE_IN_FRAMEWORK_HEADER = YES;
				CLANG_WARN_RANGE_LOOP_ANALYSIS = YES;
				CLANG_WARN_STRICT_PROTOTYPES = YES;
				CLANG_WARN_SUSPICIOUS_MOVE = YES;
				CLANG_WARN_UNGUARDED_AVAILABILITY = YES_AGGRESSIVE;
				CLANG_WARN_UNREACHABLE_CODE = YES;
				CLANG_WARN__DUPLICATE_METHOD_MATCH = YES;
				COPY_PHASE_STRIP = NO;
				DEBUG_INFORMATION_FORMAT = "dwarf-with-dsym";
				ENABLE_NS_ASSERTIONS = NO;
				ENABLE_STRICT_OBJC_MSGSEND = YES;
				GCC_C_LANGUAGE_STANDARD = gnu11;
				GCC_NO_COMMON_BLOCKS = YES;
				GCC_WARN_64_TO_32_BIT_CONVERSION = YES;
				GCC_WARN_ABOUT_RETURN_TYPE = YES_ERROR;
				GCC_WARN_UNDECLARED_SELECTOR = YES;
				GCC_WARN_UNINITIALIZED_AUTOS = YES_AGGRESSIVE;
				GCC_WARN_UNUSED_FUNCTION = YES;
				GCC_WARN_UNUSED_VARIABLE = YES;
				IPHONEOS_DEPLOYMENT_TARGET = 16.1;
				MTL_ENABLE_DEBUG_INFO = NO;
				MTL_FAST_MATH = YES;
				SDKROOT = iphoneos;
				SWIFT_COMPILATION_MODE = wholemodule;
				SWIFT_OPTIMIZATION_LEVEL = "-O";
				VALIDATE_PRODUCT = YES;
			};
			name = Release;
		};
		B1239171299A2F8400E1C33B /* Debug */ = {
			isa = XCBuildConfiguration;
			baseConfigurationReference = BA06A453084F879BDEA1334F /* Pods-VJ_MVVM.debug.xcconfig */;
			buildSettings = {
				ASSETCATALOG_COMPILER_APPICON_NAME = AppIcon;
				ASSETCATALOG_COMPILER_GLOBAL_ACCENT_COLOR_NAME = AccentColor;
				CODE_SIGN_STYLE = Automatic;
				CURRENT_PROJECT_VERSION = 1;
				DEVELOPMENT_TEAM = 5Q44THS6KD;
				GENERATE_INFOPLIST_FILE = YES;
				INFOPLIST_FILE = VJ_MVVM/Info.plist;
				INFOPLIST_KEY_CFBundleDisplayName = Test_Spyne;
				INFOPLIST_KEY_UIApplicationSupportsIndirectInputEvents = YES;
				INFOPLIST_KEY_UILaunchStoryboardName = LaunchScreen;
				INFOPLIST_KEY_UIMainStoryboardFile = "";
				INFOPLIST_KEY_UISupportedInterfaceOrientations = "UIInterfaceOrientationLandscapeLeft UIInterfaceOrientationLandscapeRight UIInterfaceOrientationPortrait";
				IPHONEOS_DEPLOYMENT_TARGET = 15.0;
				LD_RUNPATH_SEARCH_PATHS = (
					"$(inherited)",
					"@executable_path/Frameworks",
				);
				MARKETING_VERSION = 1.0;
				PRODUCT_BUNDLE_IDENTIFIER = "com.vjmvvm.com.VJ-MVVM";
				PRODUCT_NAME = "$(TARGET_NAME)";
				SWIFT_EMIT_LOC_STRINGS = YES;
				SWIFT_VERSION = 5.0;
				TARGETED_DEVICE_FAMILY = "1,2";
			};
			name = Debug;
		};
		B1239172299A2F8400E1C33B /* Release */ = {
			isa = XCBuildConfiguration;
			baseConfigurationReference = E7DB3C1D2E66FB78BA92ACA9 /* Pods-VJ_MVVM.release.xcconfig */;
			buildSettings = {
				ASSETCATALOG_COMPILER_APPICON_NAME = AppIcon;
				ASSETCATALOG_COMPILER_GLOBAL_ACCENT_COLOR_NAME = AccentColor;
				CODE_SIGN_STYLE = Automatic;
				CURRENT_PROJECT_VERSION = 1;
				DEVELOPMENT_TEAM = 5Q44THS6KD;
				GENERATE_INFOPLIST_FILE = YES;
				INFOPLIST_FILE = VJ_MVVM/Info.plist;
				INFOPLIST_KEY_CFBundleDisplayName = Test_Spyne;
				INFOPLIST_KEY_UIApplicationSupportsIndirectInputEvents = YES;
				INFOPLIST_KEY_UILaunchStoryboardName = LaunchScreen;
				INFOPLIST_KEY_UIMainStoryboardFile = "";
				INFOPLIST_KEY_UISupportedInterfaceOrientations = "UIInterfaceOrientationLandscapeLeft UIInterfaceOrientationLandscapeRight UIInterfaceOrientationPortrait";
				IPHONEOS_DEPLOYMENT_TARGET = 15.0;
				LD_RUNPATH_SEARCH_PATHS = (
					"$(inherited)",
					"@executable_path/Frameworks",
				);
				MARKETING_VERSION = 1.0;
				PRODUCT_BUNDLE_IDENTIFIER = "com.vjmvvm.com.VJ-MVVM";
				PRODUCT_NAME = "$(TARGET_NAME)";
				SWIFT_EMIT_LOC_STRINGS = YES;
				SWIFT_VERSION = 5.0;
				TARGETED_DEVICE_FAMILY = "1,2";
			};
			name = Release;
		};
		B1239174299A2F8400E1C33B /* Debug */ = {
			isa = XCBuildConfiguration;
			baseConfigurationReference = 80B94BC751ACA6BEEFB5C2A1 /* Pods-VJ_MVVMTests.debug.xcconfig */;
			buildSettings = {
				ALWAYS_EMBED_SWIFT_STANDARD_LIBRARIES = YES;
				BUNDLE_LOADER = "$(TEST_HOST)";
				CODE_SIGN_STYLE = Automatic;
				CURRENT_PROJECT_VERSION = 1;
				DEVELOPMENT_TEAM = 5Q44THS6KD;
				GENERATE_INFOPLIST_FILE = YES;
				IPHONEOS_DEPLOYMENT_TARGET = 16.1;
				MARKETING_VERSION = 1.0;
				PRODUCT_BUNDLE_IDENTIFIER = "com.vjmvvm.com.VJ-MVVMTests";
				PRODUCT_NAME = "$(TARGET_NAME)";
				SWIFT_EMIT_LOC_STRINGS = NO;
				SWIFT_VERSION = 5.0;
				TARGETED_DEVICE_FAMILY = "1,2";
				TEST_HOST = "$(BUILT_PRODUCTS_DIR)/VJ_MVVM.app/$(BUNDLE_EXECUTABLE_FOLDER_PATH)/VJ_MVVM";
			};
			name = Debug;
		};
		B1239175299A2F8400E1C33B /* Release */ = {
			isa = XCBuildConfiguration;
			baseConfigurationReference = 31D0C71510A757DB2B78A5EC /* Pods-VJ_MVVMTests.release.xcconfig */;
			buildSettings = {
				ALWAYS_EMBED_SWIFT_STANDARD_LIBRARIES = YES;
				BUNDLE_LOADER = "$(TEST_HOST)";
				CODE_SIGN_STYLE = Automatic;
				CURRENT_PROJECT_VERSION = 1;
				DEVELOPMENT_TEAM = 5Q44THS6KD;
				GENERATE_INFOPLIST_FILE = YES;
				IPHONEOS_DEPLOYMENT_TARGET = 16.1;
				MARKETING_VERSION = 1.0;
				PRODUCT_BUNDLE_IDENTIFIER = "com.vjmvvm.com.VJ-MVVMTests";
				PRODUCT_NAME = "$(TARGET_NAME)";
				SWIFT_EMIT_LOC_STRINGS = NO;
				SWIFT_VERSION = 5.0;
				TARGETED_DEVICE_FAMILY = "1,2";
				TEST_HOST = "$(BUILT_PRODUCTS_DIR)/VJ_MVVM.app/$(BUNDLE_EXECUTABLE_FOLDER_PATH)/VJ_MVVM";
			};
			name = Release;
		};
		B1239177299A2F8400E1C33B /* Debug */ = {
			isa = XCBuildConfiguration;
			baseConfigurationReference = 10CB13B268A55E8DA95CAC04 /* Pods-VJ_MVVM-VJ_MVVMUITests.debug.xcconfig */;
			buildSettings = {
				ALWAYS_EMBED_SWIFT_STANDARD_LIBRARIES = YES;
				CODE_SIGN_STYLE = Automatic;
				CURRENT_PROJECT_VERSION = 1;
				DEVELOPMENT_TEAM = 5Q44THS6KD;
				GENERATE_INFOPLIST_FILE = YES;
				MARKETING_VERSION = 1.0;
				PRODUCT_BUNDLE_IDENTIFIER = "com.vjmvvm.com.VJ-MVVMUITests";
				PRODUCT_NAME = "$(TARGET_NAME)";
				SWIFT_EMIT_LOC_STRINGS = NO;
				SWIFT_VERSION = 5.0;
				TARGETED_DEVICE_FAMILY = "1,2";
				TEST_TARGET_NAME = VJ_MVVM;
			};
			name = Debug;
		};
		B1239178299A2F8400E1C33B /* Release */ = {
			isa = XCBuildConfiguration;
			baseConfigurationReference = 166184606CF2DAB572782B89 /* Pods-VJ_MVVM-VJ_MVVMUITests.release.xcconfig */;
			buildSettings = {
				ALWAYS_EMBED_SWIFT_STANDARD_LIBRARIES = YES;
				CODE_SIGN_STYLE = Automatic;
				CURRENT_PROJECT_VERSION = 1;
				DEVELOPMENT_TEAM = 5Q44THS6KD;
				GENERATE_INFOPLIST_FILE = YES;
				MARKETING_VERSION = 1.0;
				PRODUCT_BUNDLE_IDENTIFIER = "com.vjmvvm.com.VJ-MVVMUITests";
				PRODUCT_NAME = "$(TARGET_NAME)";
				SWIFT_EMIT_LOC_STRINGS = NO;
				SWIFT_VERSION = 5.0;
				TARGETED_DEVICE_FAMILY = "1,2";
				TEST_TARGET_NAME = VJ_MVVM;
			};
			name = Release;
		};
/* End XCBuildConfiguration section */

/* Begin XCConfigurationList section */
		B123913E299A2F8200E1C33B /* Build configuration list for PBXProject "VJ_MVVM" */ = {
			isa = XCConfigurationList;
			buildConfigurations = (
				B123916E299A2F8400E1C33B /* Debug */,
				B123916F299A2F8400E1C33B /* Release */,
			);
			defaultConfigurationIsVisible = 0;
			defaultConfigurationName = Release;
		};
		B1239170299A2F8400E1C33B /* Build configuration list for PBXNativeTarget "VJ_MVVM" */ = {
			isa = XCConfigurationList;
			buildConfigurations = (
				B1239171299A2F8400E1C33B /* Debug */,
				B1239172299A2F8400E1C33B /* Release */,
			);
			defaultConfigurationIsVisible = 0;
			defaultConfigurationName = Release;
		};
		B1239173299A2F8400E1C33B /* Build configuration list for PBXNativeTarget "VJ_MVVMTests" */ = {
			isa = XCConfigurationList;
			buildConfigurations = (
				B1239174299A2F8400E1C33B /* Debug */,
				B1239175299A2F8400E1C33B /* Release */,
			);
			defaultConfigurationIsVisible = 0;
			defaultConfigurationName = Release;
		};
		B1239176299A2F8400E1C33B /* Build configuration list for PBXNativeTarget "VJ_MVVMUITests" */ = {
			isa = XCConfigurationList;
			buildConfigurations = (
				B1239177299A2F8400E1C33B /* Debug */,
				B1239178299A2F8400E1C33B /* Release */,
			);
			defaultConfigurationIsVisible = 0;
			defaultConfigurationName = Release;
		};
/* End XCConfigurationList section */

/* Begin XCVersionGroup section */
		B123914F299A2F8300E1C33B /* VJ_MVVM.xcdatamodeld */ = {
			isa = XCVersionGroup;
			children = (
				B1239150299A2F8300E1C33B /* VJ_MVVM.xcdatamodel */,
			);
			currentVersion = B1239150299A2F8300E1C33B /* VJ_MVVM.xcdatamodel */;
			path = VJ_MVVM.xcdatamodeld;
			sourceTree = "<group>";
			versionGroupType = wrapper.xcdatamodel;
		};
/* End XCVersionGroup section */
	};
	rootObject = B123913B299A2F8200E1C33B /* Project object */;
}
